// !$*UTF8*$!
{
	archiveVersion = 1;
	classes = {
	};
	objectVersion = 50;
	objects = {

/* Begin PBXBuildFile section */
		D7EAB7D823BABD6C00E6D3A3 /* Facility.swift in Sources */ = {isa = PBXBuildFile; fileRef = D7EAB7D723BABD6C00E6D3A3 /* Facility.swift */; };
		D7EAB7DA23BAC15A00E6D3A3 /* Favorites.swift in Sources */ = {isa = PBXBuildFile; fileRef = D7EAB7D923BAC15A00E6D3A3 /* Favorites.swift */; };
		D7FE530823B91E9600E001C7 /* AppDelegate.swift in Sources */ = {isa = PBXBuildFile; fileRef = D7FE530723B91E9600E001C7 /* AppDelegate.swift */; };
		D7FE530A23B91E9600E001C7 /* SceneDelegate.swift in Sources */ = {isa = PBXBuildFile; fileRef = D7FE530923B91E9600E001C7 /* SceneDelegate.swift */; };
		D7FE530C23B91E9600E001C7 /* ContentView.swift in Sources */ = {isa = PBXBuildFile; fileRef = D7FE530B23B91E9600E001C7 /* ContentView.swift */; };
		D7FE530E23B91E9800E001C7 /* Assets.xcassets in Resources */ = {isa = PBXBuildFile; fileRef = D7FE530D23B91E9800E001C7 /* Assets.xcassets */; };
		D7FE531123B91E9800E001C7 /* Preview Assets.xcassets in Resources */ = {isa = PBXBuildFile; fileRef = D7FE531023B91E9800E001C7 /* Preview Assets.xcassets */; };
		D7FE531423B91E9800E001C7 /* LaunchScreen.storyboard in Resources */ = {isa = PBXBuildFile; fileRef = D7FE531223B91E9800E001C7 /* LaunchScreen.storyboard */; };
		D7FE531C23B92E0600E001C7 /* resorts.json in Resources */ = {isa = PBXBuildFile; fileRef = D7FE531B23B92E0600E001C7 /* resorts.json */; };
		D7FE531E23B92F2E00E001C7 /* Resort.swift in Sources */ = {isa = PBXBuildFile; fileRef = D7FE531D23B92F2E00E001C7 /* Resort.swift */; };
		D7FE532023B92FBC00E001C7 /* Bundle-Decodable.swift in Sources */ = {isa = PBXBuildFile; fileRef = D7FE531F23B92FBC00E001C7 /* Bundle-Decodable.swift */; };
		D7FE532223B931BA00E001C7 /* WelcomeView.swift in Sources */ = {isa = PBXBuildFile; fileRef = D7FE532123B931BA00E001C7 /* WelcomeView.swift */; };
		D7FE532423B934BD00E001C7 /* ResortView.swift in Sources */ = {isa = PBXBuildFile; fileRef = D7FE532323B934BD00E001C7 /* ResortView.swift */; };
		D7FE532623B9352500E001C7 /* SkiDetailsView.swift in Sources */ = {isa = PBXBuildFile; fileRef = D7FE532523B9352500E001C7 /* SkiDetailsView.swift */; };
		D7FE532823B9355700E001C7 /* ResortDetailsView.swift in Sources */ = {isa = PBXBuildFile; fileRef = D7FE532723B9355700E001C7 /* ResortDetailsView.swift */; };
/* End PBXBuildFile section */

/* Begin PBXFileReference section */
		D7EAB7D723BABD6C00E6D3A3 /* Facility.swift */ = {isa = PBXFileReference; lastKnownFileType = sourcecode.swift; path = Facility.swift; sourceTree = "<group>"; };
		D7EAB7D923BAC15A00E6D3A3 /* Favorites.swift */ = {isa = PBXFileReference; lastKnownFileType = sourcecode.swift; path = Favorites.swift; sourceTree = "<group>"; };
		D7FE530423B91E9600E001C7 /* SnowSeeker.app */ = {isa = PBXFileReference; explicitFileType = wrapper.application; includeInIndex = 0; path = SnowSeeker.app; sourceTree = BUILT_PRODUCTS_DIR; };
		D7FE530723B91E9600E001C7 /* AppDelegate.swift */ = {isa = PBXFileReference; lastKnownFileType = sourcecode.swift; path = AppDelegate.swift; sourceTree = "<group>"; };
		D7FE530923B91E9600E001C7 /* SceneDelegate.swift */ = {isa = PBXFileReference; lastKnownFileType = sourcecode.swift; path = SceneDelegate.swift; sourceTree = "<group>"; };
		D7FE530B23B91E9600E001C7 /* ContentView.swift */ = {isa = PBXFileReference; lastKnownFileType = sourcecode.swift; path = ContentView.swift; sourceTree = "<group>"; };
		D7FE530D23B91E9800E001C7 /* Assets.xcassets */ = {isa = PBXFileReference; lastKnownFileType = folder.assetcatalog; path = Assets.xcassets; sourceTree = "<group>"; };
		D7FE531023B91E9800E001C7 /* Preview Assets.xcassets */ = {isa = PBXFileReference; lastKnownFileType = folder.assetcatalog; path = "Preview Assets.xcassets"; sourceTree = "<group>"; };
		D7FE531323B91E9800E001C7 /* Base */ = {isa = PBXFileReference; lastKnownFileType = file.storyboard; name = Base; path = Base.lproj/LaunchScreen.storyboard; sourceTree = "<group>"; };
		D7FE531523B91E9800E001C7 /* Info.plist */ = {isa = PBXFileReference; lastKnownFileType = text.plist.xml; path = Info.plist; sourceTree = "<group>"; };
		D7FE531B23B92E0600E001C7 /* resorts.json */ = {isa = PBXFileReference; fileEncoding = 4; lastKnownFileType = text.json; path = resorts.json; sourceTree = "<group>"; };
		D7FE531D23B92F2E00E001C7 /* Resort.swift */ = {isa = PBXFileReference; lastKnownFileType = sourcecode.swift; path = Resort.swift; sourceTree = "<group>"; };
		D7FE531F23B92FBC00E001C7 /* Bundle-Decodable.swift */ = {isa = PBXFileReference; lastKnownFileType = sourcecode.swift; path = "Bundle-Decodable.swift"; sourceTree = "<group>"; };
		D7FE532123B931BA00E001C7 /* WelcomeView.swift */ = {isa = PBXFileReference; lastKnownFileType = sourcecode.swift; path = WelcomeView.swift; sourceTree = "<group>"; };
		D7FE532323B934BD00E001C7 /* ResortView.swift */ = {isa = PBXFileReference; lastKnownFileType = sourcecode.swift; path = ResortView.swift; sourceTree = "<group>"; };
		D7FE532523B9352500E001C7 /* SkiDetailsView.swift */ = {isa = PBXFileReference; lastKnownFileType = sourcecode.swift; path = SkiDetailsView.swift; sourceTree = "<group>"; };
		D7FE532723B9355700E001C7 /* ResortDetailsView.swift */ = {isa = PBXFileReference; lastKnownFileType = sourcecode.swift; path = ResortDetailsView.swift; sourceTree = "<group>"; };
/* End PBXFileReference section */

/* Begin PBXFrameworksBuildPhase section */
		D7FE530123B91E9600E001C7 /* Frameworks */ = {
			isa = PBXFrameworksBuildPhase;
			buildActionMask = 2147483647;
			files = (
			);
			runOnlyForDeploymentPostprocessing = 0;
		};
/* End PBXFrameworksBuildPhase section */

/* Begin PBXGroup section */
		D7FE52FB23B91E9600E001C7 = {
			isa = PBXGroup;
			children = (
				D7FE530623B91E9600E001C7 /* SnowSeeker */,
				D7FE530523B91E9600E001C7 /* Products */,
			);
			sourceTree = "<group>";
		};
		D7FE530523B91E9600E001C7 /* Products */ = {
			isa = PBXGroup;
			children = (
				D7FE530423B91E9600E001C7 /* SnowSeeker.app */,
			);
			name = Products;
			sourceTree = "<group>";
		};
		D7FE530623B91E9600E001C7 /* SnowSeeker */ = {
			isa = PBXGroup;
			children = (
				D7FE530723B91E9600E001C7 /* AppDelegate.swift */,
				D7FE530923B91E9600E001C7 /* SceneDelegate.swift */,
				D7FE532123B931BA00E001C7 /* WelcomeView.swift */,
				D7FE530B23B91E9600E001C7 /* ContentView.swift */,
				D7FE532323B934BD00E001C7 /* ResortView.swift */,
				D7EAB7D723BABD6C00E6D3A3 /* Facility.swift */,
				D7FE532523B9352500E001C7 /* SkiDetailsView.swift */,
				D7FE532723B9355700E001C7 /* ResortDetailsView.swift */,
				D7FE531D23B92F2E00E001C7 /* Resort.swift */,
				D7EAB7D923BAC15A00E6D3A3 /* Favorites.swift */,
				D7FE531F23B92FBC00E001C7 /* Bundle-Decodable.swift */,
				D7FE530D23B91E9800E001C7 /* Assets.xcassets */,
				D7FE531B23B92E0600E001C7 /* resorts.json */,
				D7FE531223B91E9800E001C7 /* LaunchScreen.storyboard */,
				D7FE531523B91E9800E001C7 /* Info.plist */,
				D7FE530F23B91E9800E001C7 /* Preview Content */,
			);
			path = SnowSeeker;
			sourceTree = "<group>";
		};
		D7FE530F23B91E9800E001C7 /* Preview Content */ = {
			isa = PBXGroup;
			children = (
				D7FE531023B91E9800E001C7 /* Preview Assets.xcassets */,
			);
			path = "Preview Content";
			sourceTree = "<group>";
		};
/* End PBXGroup section */

/* Begin PBXNativeTarget section */
		D7FE530323B91E9600E001C7 /* SnowSeeker */ = {
			isa = PBXNativeTarget;
			buildConfigurationList = D7FE531823B91E9800E001C7 /* Build configuration list for PBXNativeTarget "SnowSeeker" */;
			buildPhases = (
				D7FE530023B91E9600E001C7 /* Sources */,
				D7FE530123B91E9600E001C7 /* Frameworks */,
				D7FE530223B91E9600E001C7 /* Resources */,
			);
			buildRules = (
			);
			dependencies = (
			);
			name = SnowSeeker;
			productName = SnowSeeker;
			productReference = D7FE530423B91E9600E001C7 /* SnowSeeker.app */;
			productType = "com.apple.product-type.application";
		};
/* End PBXNativeTarget section */

/* Begin PBXProject section */
		D7FE52FC23B91E9600E001C7 /* Project object */ = {
			isa = PBXProject;
			attributes = {
				LastSwiftUpdateCheck = 1130;
				LastUpgradeCheck = 1130;
				ORGANIZATIONNAME = roblack;
				TargetAttributes = {
					D7FE530323B91E9600E001C7 = {
						CreatedOnToolsVersion = 11.3;
					};
				};
			};
			buildConfigurationList = D7FE52FF23B91E9600E001C7 /* Build configuration list for PBXProject "SnowSeeker" */;
			compatibilityVersion = "Xcode 9.3";
			developmentRegion = en;
			hasScannedForEncodings = 0;
			knownRegions = (
				en,
				Base,
			);
			mainGroup = D7FE52FB23B91E9600E001C7;
			productRefGroup = D7FE530523B91E9600E001C7 /* Products */;
			projectDirPath = "";
			projectRoot = "";
			targets = (
				D7FE530323B91E9600E001C7 /* SnowSeeker */,
			);
		};
/* End PBXProject section */

/* Begin PBXResourcesBuildPhase section */
		D7FE530223B91E9600E001C7 /* Resources */ = {
			isa = PBXResourcesBuildPhase;
			buildActionMask = 2147483647;
			files = (
				D7FE531423B91E9800E001C7 /* LaunchScreen.storyboard in Resources */,
				D7FE531123B91E9800E001C7 /* Preview Assets.xcassets in Resources */,
				D7FE531C23B92E0600E001C7 /* resorts.json in Resources */,
				D7FE530E23B91E9800E001C7 /* Assets.xcassets in Resources */,
			);
			runOnlyForDeploymentPostprocessing = 0;
		};
/* End PBXResourcesBuildPhase section */

/* Begin PBXSourcesBuildPhase section */
		D7FE530023B91E9600E001C7 /* Sources */ = {
			isa = PBXSourcesBuildPhase;
			buildActionMask = 2147483647;
			files = (
				D7FE530823B91E9600E001C7 /* AppDelegate.swift in Sources */,
				D7FE532223B931BA00E001C7 /* WelcomeView.swift in Sources */,
				D7EAB7D823BABD6C00E6D3A3 /* Facility.swift in Sources */,
				D7FE530A23B91E9600E001C7 /* SceneDelegate.swift in Sources */,
				D7FE532423B934BD00E001C7 /* ResortView.swift in Sources */,
				D7EAB7DA23BAC15A00E6D3A3 /* Favorites.swift in Sources */,
				D7FE532023B92FBC00E001C7 /* Bundle-Decodable.swift in Sources */,
				D7FE531E23B92F2E00E001C7 /* Resort.swift in Sources */,
				D7FE532823B9355700E001C7 /* ResortDetailsView.swift in Sources */,
				D7FE530C23B91E9600E001C7 /* ContentView.swift in Sources */,
				D7FE532623B9352500E001C7 /* SkiDetailsView.swift in Sources */,
			);
			runOnlyForDeploymentPostprocessing = 0;
		};
/* End PBXSourcesBuildPhase section */

/* Begin PBXVariantGroup section */
		D7FE531223B91E9800E001C7 /* LaunchScreen.storyboard */ = {
			isa = PBXVariantGroup;
			children = (
				D7FE531323B91E9800E001C7 /* Base */,
			);
			name = LaunchScreen.storyboard;
			sourceTree = "<group>";
		};
/* End PBXVariantGroup section */

/* Begin XCBuildConfiguration section */
		D7FE531623B91E9800E001C7 /* Debug */ = {
			isa = XCBuildConfiguration;
			buildSettings = {
				ALWAYS_SEARCH_USER_PATHS = NO;
				CLANG_ANALYZER_NONNULL = YES;
				CLANG_ANALYZER_NUMBER_OBJECT_CONVERSION = YES_AGGRESSIVE;
				CLANG_CXX_LANGUAGE_STANDARD = "gnu++14";
				CLANG_CXX_LIBRARY = "libc++";
				CLANG_ENABLE_MODULES = YES;
				CLANG_ENABLE_OBJC_ARC = YES;
				CLANG_ENABLE_OBJC_WEAK = YES;
				CLANG_WARN_BLOCK_CAPTURE_AUTORELEASING = YES;
				CLANG_WARN_BOOL_CONVERSION = YES;
				CLANG_WARN_COMMA = YES;
				CLANG_WARN_CONSTANT_CONVERSION = YES;
				CLANG_WARN_DEPRECATED_OBJC_IMPLEMENTATIONS = YES;
				CLANG_WARN_DIRECT_OBJC_ISA_USAGE = YES_ERROR;
				CLANG_WARN_DOCUMENTATION_COMMENTS = YES;
				CLANG_WARN_EMPTY_BODY = YES;
				CLANG_WARN_ENUM_CONVERSION = YES;
				CLANG_WARN_INFINITE_RECURSION = YES;
				CLANG_WARN_INT_CONVERSION = YES;
				CLANG_WARN_NON_LITERAL_NULL_CONVERSION = YES;
				CLANG_WARN_OBJC_IMPLICIT_RETAIN_SELF = YES;
				CLANG_WARN_OBJC_LITERAL_CONVERSION = YES;
				CLANG_WARN_OBJC_ROOT_CLASS = YES_ERROR;
				CLANG_WARN_RANGE_LOOP_ANALYSIS = YES;
				CLANG_WARN_STRICT_PROTOTYPES = YES;
				CLANG_WARN_SUSPICIOUS_MOVE = YES;
				CLANG_WARN_UNGUARDED_AVAILABILITY = YES_AGGRESSIVE;
				CLANG_WARN_UNREACHABLE_CODE = YES;
				CLANG_WARN__DUPLICATE_METHOD_MATCH = YES;
				COPY_PHASE_STRIP = NO;
				DEBUG_INFORMATION_FORMAT = dwarf;
				ENABLE_STRICT_OBJC_MSGSEND = YES;
				ENABLE_TESTABILITY = YES;
				GCC_C_LANGUAGE_STANDARD = gnu11;
				GCC_DYNAMIC_NO_PIC = NO;
				GCC_NO_COMMON_BLOCKS = YES;
				GCC_OPTIMIZATION_LEVEL = 0;
				GCC_PREPROCESSOR_DEFINITIONS = (
					"DEBUG=1",
					"$(inherited)",
				);
				GCC_WARN_64_TO_32_BIT_CONVERSION = YES;
				GCC_WARN_ABOUT_RETURN_TYPE = YES_ERROR;
				GCC_WARN_UNDECLARED_SELECTOR = YES;
				GCC_WARN_UNINITIALIZED_AUTOS = YES_AGGRESSIVE;
				GCC_WARN_UNUSED_FUNCTION = YES;
				GCC_WARN_UNUSED_VARIABLE = YES;
				IPHONEOS_DEPLOYMENT_TARGET = 13.2;
				MTL_ENABLE_DEBUG_INFO = INCLUDE_SOURCE;
				MTL_FAST_MATH = YES;
				ONLY_ACTIVE_ARCH = YES;
				SDKROOT = iphoneos;
				SWIFT_ACTIVE_COMPILATION_CONDITIONS = DEBUG;
				SWIFT_OPTIMIZATION_LEVEL = "-Onone";
			};
			name = Debug;
		};
		D7FE531723B91E9800E001C7 /* Release */ = {
			isa = XCBuildConfiguration;
			buildSettings = {
				ALWAYS_SEARCH_USER_PATHS = NO;
				CLANG_ANALYZER_NONNULL = YES;
				CLANG_ANALYZER_NUMBER_OBJECT_CONVERSION = YES_AGGRESSIVE;
				CLANG_CXX_LANGUAGE_STANDARD = "gnu++14";
				CLANG_CXX_LIBRARY = "libc++";
				CLANG_ENABLE_MODULES = YES;
				CLANG_ENABLE_OBJC_ARC = YES;
				CLANG_ENABLE_OBJC_WEAK = YES;
				CLANG_WARN_BLOCK_CAPTURE_AUTORELEASING = YES;
				CLANG_WARN_BOOL_CONVERSION = YES;
				CLANG_WARN_COMMA = YES;
				CLANG_WARN_CONSTANT_CONVERSION = YES;
				CLANG_WARN_DEPRECATED_OBJC_IMPLEMENTATIONS = YES;
				CLANG_WARN_DIRECT_OBJC_ISA_USAGE = YES_ERROR;
				CLANG_WARN_DOCUMENTATION_COMMENTS = YES;
				CLANG_WARN_EMPTY_BODY = YES;
				CLANG_WARN_ENUM_CONVERSION = YES;
				CLANG_WARN_INFINITE_RECURSION = YES;
				CLANG_WARN_INT_CONVERSION = YES;
				CLANG_WARN_NON_LITERAL_NULL_CONVERSION = YES;
				CLANG_WARN_OBJC_IMPLICIT_RETAIN_SELF = YES;
				CLANG_WARN_OBJC_LITERAL_CONVERSION = YES;
				CLANG_WARN_OBJC_ROOT_CLASS = YES_ERROR;
				CLANG_WARN_RANGE_LOOP_ANALYSIS = YES;
				CLANG_WARN_STRICT_PROTOTYPES = YES;
				CLANG_WARN_SUSPICIOUS_MOVE = YES;
				CLANG_WARN_UNGUARDED_AVAILABILITY = YES_AGGRESSIVE;
				CLANG_WARN_UNREACHABLE_CODE = YES;
				CLANG_WARN__DUPLICATE_METHOD_MATCH = YES;
				COPY_PHASE_STRIP = NO;
				DEBUG_INFORMATION_FORMAT = "dwarf-with-dsym";
				ENABLE_NS_ASSERTIONS = NO;
				ENABLE_STRICT_OBJC_MSGSEND = YES;
				GCC_C_LANGUAGE_STANDARD = gnu11;
				GCC_NO_COMMON_BLOCKS = YES;
				GCC_WARN_64_TO_32_BIT_CONVERSION = YES;
				GCC_WARN_ABOUT_RETURN_TYPE = YES_ERROR;
				GCC_WARN_UNDECLARED_SELECTOR = YES;
				GCC_WARN_UNINITIALIZED_AUTOS = YES_AGGRESSIVE;
				GCC_WARN_UNUSED_FUNCTION = YES;
				GCC_WARN_UNUSED_VARIABLE = YES;
				IPHONEOS_DEPLOYMENT_TARGET = 13.2;
				MTL_ENABLE_DEBUG_INFO = NO;
				MTL_FAST_MATH = YES;
				SDKROOT = iphoneos;
				SWIFT_COMPILATION_MODE = wholemodule;
				SWIFT_OPTIMIZATION_LEVEL = "-O";
				VALIDATE_PRODUCT = YES;
			};
			name = Release;
		};
		D7FE531923B91E9800E001C7 /* Debug */ = {
			isa = XCBuildConfiguration;
			buildSettings = {
				ASSETCATALOG_COMPILER_APPICON_NAME = AppIcon;
				CODE_SIGN_STYLE = Automatic;
				DEVELOPMENT_ASSET_PATHS = "\"SnowSeeker/Preview Content\"";
				DEVELOPMENT_TEAM = ZQCK5WLKEQ;
				ENABLE_PREVIEWS = YES;
				INFOPLIST_FILE = SnowSeeker/Info.plist;
				LD_RUNPATH_SEARCH_PATHS = (
					"$(inherited)",
					"@executable_path/Frameworks",
				);
				PRODUCT_BUNDLE_IDENTIFIER = com.undeadPixel.SnowSeeker;
				PRODUCT_NAME = "$(TARGET_NAME)";
				SWIFT_VERSION = 5.0;
				TARGETED_DEVICE_FAMILY = "1,2";
			};
			name = Debug;
		};
		D7FE531A23B91E9800E001C7 /* Release */ = {
			isa = XCBuildConfiguration;
			buildSettings = {
				ASSETCATALOG_COMPILER_APPICON_NAME = AppIcon;
				CODE_SIGN_STYLE = Automatic;
				DEVELOPMENT_ASSET_PATHS = "\"SnowSeeker/Preview Content\"";
				DEVELOPMENT_TEAM = ZQCK5WLKEQ;
				ENABLE_PREVIEWS = YES;
				INFOPLIST_FILE = SnowSeeker/Info.plist;
				LD_RUNPATH_SEARCH_PATHS = (
					"$(inherited)",
					"@executable_path/Frameworks",
				);
				PRODUCT_BUNDLE_IDENTIFIER = com.undeadPixel.SnowSeeker;
				PRODUCT_NAME = "$(TARGET_NAME)";
				SWIFT_VERSION = 5.0;
				TARGETED_DEVICE_FAMILY = "1,2";
			};
			name = Release;
		};
/* End XCBuildConfiguration section */

/* Begin XCConfigurationList section */
		D7FE52FF23B91E9600E001C7 /* Build configuration list for PBXProject "SnowSeeker" */ = {
			isa = XCConfigurationList;
			buildConfigurations = (
				D7FE531623B91E9800E001C7 /* Debug */,
				D7FE531723B91E9800E001C7 /* Release */,
			);
			defaultConfigurationIsVisible = 0;
			defaultConfigurationName = Release;
		};
		D7FE531823B91E9800E001C7 /* Build configuration list for PBXNativeTarget "SnowSeeker" */ = {
			isa = XCConfigurationList;
			buildConfigurations = (
				D7FE531923B91E9800E001C7 /* Debug */,
				D7FE531A23B91E9800E001C7 /* Release */,
			);
			defaultConfigurationIsVisible = 0;
			defaultConfigurationName = Release;
		};
/* End XCConfigurationList section */
	};
	rootObject = D7FE52FC23B91E9600E001C7 /* Project object */;
}
