// !$*UTF8*$!
{
	archiveVersion = 1;
	classes = {
	};
	objectVersion = 50;
	objects = {

/* Begin PBXBuildFile section */
		D72541B8236CBACF00C854F7 /* AppDelegate.swift in Sources */ = {isa = PBXBuildFile; fileRef = D72541B7236CBACF00C854F7 /* AppDelegate.swift */; };
		D72541BA236CBACF00C854F7 /* SceneDelegate.swift in Sources */ = {isa = PBXBuildFile; fileRef = D72541B9236CBACF00C854F7 /* SceneDelegate.swift */; };
		D72541BC236CBACF00C854F7 /* ContentView.swift in Sources */ = {isa = PBXBuildFile; fileRef = D72541BB236CBACF00C854F7 /* ContentView.swift */; };
		D72541BE236CBAD300C854F7 /* Assets.xcassets in Resources */ = {isa = PBXBuildFile; fileRef = D72541BD236CBAD300C854F7 /* Assets.xcassets */; };
		D72541C1236CBAD300C854F7 /* Preview Assets.xcassets in Resources */ = {isa = PBXBuildFile; fileRef = D72541C0236CBAD300C854F7 /* Preview Assets.xcassets */; };
		D72541C4236CBAD300C854F7 /* LaunchScreen.storyboard in Resources */ = {isa = PBXBuildFile; fileRef = D72541C2236CBAD300C854F7 /* LaunchScreen.storyboard */; };
		D72541CC236CBD8300C854F7 /* GeoReader.swift in Sources */ = {isa = PBXBuildFile; fileRef = D72541CB236CBD8300C854F7 /* GeoReader.swift */; };
		D72541CE236CBDF200C854F7 /* SCrollView.swift in Sources */ = {isa = PBXBuildFile; fileRef = D72541CD236CBDF200C854F7 /* SCrollView.swift */; };
		D72541D0236CBFA000C854F7 /* NavigationLinkPrew.swift in Sources */ = {isa = PBXBuildFile; fileRef = D72541CF236CBFA000C854F7 /* NavigationLinkPrew.swift */; };
		D73D8DE2236F565E00C218E7 /* Astronauts.swift in Sources */ = {isa = PBXBuildFile; fileRef = D73D8DE1236F565E00C218E7 /* Astronauts.swift */; };
		D73D8DE4236F56B200C218E7 /* Bundle-decodable.swift in Sources */ = {isa = PBXBuildFile; fileRef = D73D8DE3236F56B200C218E7 /* Bundle-decodable.swift */; };
		D73D8DE6236F586B00C218E7 /* Mission.swift in Sources */ = {isa = PBXBuildFile; fileRef = D73D8DE5236F586B00C218E7 /* Mission.swift */; };
		D78868DE236F779D004A2152 /* astronauts.json in Resources */ = {isa = PBXBuildFile; fileRef = D78868DC236F779D004A2152 /* astronauts.json */; };
		D78868DF236F779D004A2152 /* missions.json in Resources */ = {isa = PBXBuildFile; fileRef = D78868DD236F779D004A2152 /* missions.json */; };
		D7D92519236F8649006A654D /* MissionView.swift in Sources */ = {isa = PBXBuildFile; fileRef = D7D92518236F8649006A654D /* MissionView.swift */; };
		D7D9251B236F92C9006A654D /* AstronautView.swift in Sources */ = {isa = PBXBuildFile; fileRef = D7D9251A236F92C9006A654D /* AstronautView.swift */; };
/* End PBXBuildFile section */

/* Begin PBXFileReference section */
		D72541B4236CBACF00C854F7 /* Moonshot.app */ = {isa = PBXFileReference; explicitFileType = wrapper.application; includeInIndex = 0; path = Moonshot.app; sourceTree = BUILT_PRODUCTS_DIR; };
		D72541B7236CBACF00C854F7 /* AppDelegate.swift */ = {isa = PBXFileReference; lastKnownFileType = sourcecode.swift; path = AppDelegate.swift; sourceTree = "<group>"; };
		D72541B9236CBACF00C854F7 /* SceneDelegate.swift */ = {isa = PBXFileReference; lastKnownFileType = sourcecode.swift; path = SceneDelegate.swift; sourceTree = "<group>"; };
		D72541BB236CBACF00C854F7 /* ContentView.swift */ = {isa = PBXFileReference; lastKnownFileType = sourcecode.swift; path = ContentView.swift; sourceTree = "<group>"; };
		D72541BD236CBAD300C854F7 /* Assets.xcassets */ = {isa = PBXFileReference; lastKnownFileType = folder.assetcatalog; path = Assets.xcassets; sourceTree = "<group>"; };
		D72541C0236CBAD300C854F7 /* Preview Assets.xcassets */ = {isa = PBXFileReference; lastKnownFileType = folder.assetcatalog; path = "Preview Assets.xcassets"; sourceTree = "<group>"; };
		D72541C3236CBAD300C854F7 /* Base */ = {isa = PBXFileReference; lastKnownFileType = file.storyboard; name = Base; path = Base.lproj/LaunchScreen.storyboard; sourceTree = "<group>"; };
		D72541C5236CBAD300C854F7 /* Info.plist */ = {isa = PBXFileReference; lastKnownFileType = text.plist.xml; path = Info.plist; sourceTree = "<group>"; };
		D72541CB236CBD8300C854F7 /* GeoReader.swift */ = {isa = PBXFileReference; lastKnownFileType = sourcecode.swift; path = GeoReader.swift; sourceTree = "<group>"; };
		D72541CD236CBDF200C854F7 /* SCrollView.swift */ = {isa = PBXFileReference; lastKnownFileType = sourcecode.swift; path = SCrollView.swift; sourceTree = "<group>"; };
		D72541CF236CBFA000C854F7 /* NavigationLinkPrew.swift */ = {isa = PBXFileReference; lastKnownFileType = sourcecode.swift; path = NavigationLinkPrew.swift; sourceTree = "<group>"; };
		D73D8DE1236F565E00C218E7 /* Astronauts.swift */ = {isa = PBXFileReference; lastKnownFileType = sourcecode.swift; path = Astronauts.swift; sourceTree = "<group>"; };
		D73D8DE3236F56B200C218E7 /* Bundle-decodable.swift */ = {isa = PBXFileReference; lastKnownFileType = sourcecode.swift; path = "Bundle-decodable.swift"; sourceTree = "<group>"; };
		D73D8DE5236F586B00C218E7 /* Mission.swift */ = {isa = PBXFileReference; lastKnownFileType = sourcecode.swift; path = Mission.swift; sourceTree = "<group>"; };
		D78868DC236F779D004A2152 /* astronauts.json */ = {isa = PBXFileReference; fileEncoding = 4; lastKnownFileType = text.json; path = astronauts.json; sourceTree = "<group>"; };
		D78868DD236F779D004A2152 /* missions.json */ = {isa = PBXFileReference; fileEncoding = 4; lastKnownFileType = text.json; path = missions.json; sourceTree = "<group>"; };
		D7D92518236F8649006A654D /* MissionView.swift */ = {isa = PBXFileReference; lastKnownFileType = sourcecode.swift; path = MissionView.swift; sourceTree = "<group>"; };
		D7D9251A236F92C9006A654D /* AstronautView.swift */ = {isa = PBXFileReference; lastKnownFileType = sourcecode.swift; path = AstronautView.swift; sourceTree = "<group>"; };
/* End PBXFileReference section */

/* Begin PBXFrameworksBuildPhase section */
		D72541B1236CBACF00C854F7 /* Frameworks */ = {
			isa = PBXFrameworksBuildPhase;
			buildActionMask = 2147483647;
			files = (
			);
			runOnlyForDeploymentPostprocessing = 0;
		};
/* End PBXFrameworksBuildPhase section */

/* Begin PBXGroup section */
		D72541AB236CBACF00C854F7 = {
			isa = PBXGroup;
			children = (
				D72541B6236CBACF00C854F7 /* Moonshot */,
				D72541B5236CBACF00C854F7 /* Products */,
			);
			sourceTree = "<group>";
		};
		D72541B5236CBACF00C854F7 /* Products */ = {
			isa = PBXGroup;
			children = (
				D72541B4236CBACF00C854F7 /* Moonshot.app */,
			);
			name = Products;
			sourceTree = "<group>";
		};
		D72541B6236CBACF00C854F7 /* Moonshot */ = {
			isa = PBXGroup;
			children = (
				D72541B7236CBACF00C854F7 /* AppDelegate.swift */,
				D72541B9236CBACF00C854F7 /* SceneDelegate.swift */,
				D72541BB236CBACF00C854F7 /* ContentView.swift */,
				D7D92518236F8649006A654D /* MissionView.swift */,
				D7D9251A236F92C9006A654D /* AstronautView.swift */,
				D73D8DE5236F586B00C218E7 /* Mission.swift */,
				D72541CB236CBD8300C854F7 /* GeoReader.swift */,
				D72541CD236CBDF200C854F7 /* SCrollView.swift */,
				D72541CF236CBFA000C854F7 /* NavigationLinkPrew.swift */,
				D73D8DE1236F565E00C218E7 /* Astronauts.swift */,
				D73D8DE3236F56B200C218E7 /* Bundle-decodable.swift */,
				D78868DC236F779D004A2152 /* astronauts.json */,
				D78868DD236F779D004A2152 /* missions.json */,
				D72541BD236CBAD300C854F7 /* Assets.xcassets */,
				D72541C2236CBAD300C854F7 /* LaunchScreen.storyboard */,
				D72541C5236CBAD300C854F7 /* Info.plist */,
				D72541BF236CBAD300C854F7 /* Preview Content */,
			);
			path = Moonshot;
			sourceTree = "<group>";
		};
		D72541BF236CBAD300C854F7 /* Preview Content */ = {
			isa = PBXGroup;
			children = (
				D72541C0236CBAD300C854F7 /* Preview Assets.xcassets */,
			);
			path = "Preview Content";
			sourceTree = "<group>";
		};
/* End PBXGroup section */

/* Begin PBXNativeTarget section */
		D72541B3236CBACF00C854F7 /* Moonshot */ = {
			isa = PBXNativeTarget;
			buildConfigurationList = D72541C8236CBAD300C854F7 /* Build configuration list for PBXNativeTarget "Moonshot" */;
			buildPhases = (
				D72541B0236CBACF00C854F7 /* Sources */,
				D72541B1236CBACF00C854F7 /* Frameworks */,
				D72541B2236CBACF00C854F7 /* Resources */,
			);
			buildRules = (
			);
			dependencies = (
			);
			name = Moonshot;
			productName = Moonshot;
			productReference = D72541B4236CBACF00C854F7 /* Moonshot.app */;
			productType = "com.apple.product-type.application";
		};
/* End PBXNativeTarget section */

/* Begin PBXProject section */
		D72541AC236CBACF00C854F7 /* Project object */ = {
			isa = PBXProject;
			attributes = {
				LastSwiftUpdateCheck = 1120;
				LastUpgradeCheck = 1120;
				ORGANIZATIONNAME = roblack;
				TargetAttributes = {
					D72541B3236CBACF00C854F7 = {
						CreatedOnToolsVersion = 11.2;
					};
				};
			};
			buildConfigurationList = D72541AF236CBACF00C854F7 /* Build configuration list for PBXProject "Moonshot" */;
			compatibilityVersion = "Xcode 9.3";
			developmentRegion = en;
			hasScannedForEncodings = 0;
			knownRegions = (
				en,
				Base,
			);
			mainGroup = D72541AB236CBACF00C854F7;
			productRefGroup = D72541B5236CBACF00C854F7 /* Products */;
			projectDirPath = "";
			projectRoot = "";
			targets = (
				D72541B3236CBACF00C854F7 /* Moonshot */,
			);
		};
/* End PBXProject section */

/* Begin PBXResourcesBuildPhase section */
		D72541B2236CBACF00C854F7 /* Resources */ = {
			isa = PBXResourcesBuildPhase;
			buildActionMask = 2147483647;
			files = (
				D72541C4236CBAD300C854F7 /* LaunchScreen.storyboard in Resources */,
				D78868DF236F779D004A2152 /* missions.json in Resources */,
				D72541C1236CBAD300C854F7 /* Preview Assets.xcassets in Resources */,
				D72541BE236CBAD300C854F7 /* Assets.xcassets in Resources */,
				D78868DE236F779D004A2152 /* astronauts.json in Resources */,
			);
			runOnlyForDeploymentPostprocessing = 0;
		};
/* End PBXResourcesBuildPhase section */

/* Begin PBXSourcesBuildPhase section */
		D72541B0236CBACF00C854F7 /* Sources */ = {
			isa = PBXSourcesBuildPhase;
			buildActionMask = 2147483647;
			files = (
				D72541CE236CBDF200C854F7 /* SCrollView.swift in Sources */,
				D72541CC236CBD8300C854F7 /* GeoReader.swift in Sources */,
				D72541B8236CBACF00C854F7 /* AppDelegate.swift in Sources */,
				D73D8DE4236F56B200C218E7 /* Bundle-decodable.swift in Sources */,
				D72541D0236CBFA000C854F7 /* NavigationLinkPrew.swift in Sources */,
				D72541BA236CBACF00C854F7 /* SceneDelegate.swift in Sources */,
				D7D9251B236F92C9006A654D /* AstronautView.swift in Sources */,
				D73D8DE6236F586B00C218E7 /* Mission.swift in Sources */,
				D72541BC236CBACF00C854F7 /* ContentView.swift in Sources */,
				D73D8DE2236F565E00C218E7 /* Astronauts.swift in Sources */,
				D7D92519236F8649006A654D /* MissionView.swift in Sources */,
			);
			runOnlyForDeploymentPostprocessing = 0;
		};
/* End PBXSourcesBuildPhase section */

/* Begin PBXVariantGroup section */
		D72541C2236CBAD300C854F7 /* LaunchScreen.storyboard */ = {
			isa = PBXVariantGroup;
			children = (
				D72541C3236CBAD300C854F7 /* Base */,
			);
			name = LaunchScreen.storyboard;
			sourceTree = "<group>";
		};
/* End PBXVariantGroup section */

/* Begin XCBuildConfiguration section */
		D72541C6236CBAD300C854F7 /* Debug */ = {
			isa = XCBuildConfiguration;
			buildSettings = {
				ALWAYS_SEARCH_USER_PATHS = NO;
				CLANG_ANALYZER_NONNULL = YES;
				CLANG_ANALYZER_NUMBER_OBJECT_CONVERSION = YES_AGGRESSIVE;
				CLANG_CXX_LANGUAGE_STANDARD = "gnu++14";
				CLANG_CXX_LIBRARY = "libc++";
				CLANG_ENABLE_MODULES = YES;
				CLANG_ENABLE_OBJC_ARC = YES;
				CLANG_ENABLE_OBJC_WEAK = YES;
				CLANG_WARN_BLOCK_CAPTURE_AUTORELEASING = YES;
				CLANG_WARN_BOOL_CONVERSION = YES;
				CLANG_WARN_COMMA = YES;
				CLANG_WARN_CONSTANT_CONVERSION = YES;
				CLANG_WARN_DEPRECATED_OBJC_IMPLEMENTATIONS = YES;
				CLANG_WARN_DIRECT_OBJC_ISA_USAGE = YES_ERROR;
				CLANG_WARN_DOCUMENTATION_COMMENTS = YES;
				CLANG_WARN_EMPTY_BODY = YES;
				CLANG_WARN_ENUM_CONVERSION = YES;
				CLANG_WARN_INFINITE_RECURSION = YES;
				CLANG_WARN_INT_CONVERSION = YES;
				CLANG_WARN_NON_LITERAL_NULL_CONVERSION = YES;
				CLANG_WARN_OBJC_IMPLICIT_RETAIN_SELF = YES;
				CLANG_WARN_OBJC_LITERAL_CONVERSION = YES;
				CLANG_WARN_OBJC_ROOT_CLASS = YES_ERROR;
				CLANG_WARN_RANGE_LOOP_ANALYSIS = YES;
				CLANG_WARN_STRICT_PROTOTYPES = YES;
				CLANG_WARN_SUSPICIOUS_MOVE = YES;
				CLANG_WARN_UNGUARDED_AVAILABILITY = YES_AGGRESSIVE;
				CLANG_WARN_UNREACHABLE_CODE = YES;
				CLANG_WARN__DUPLICATE_METHOD_MATCH = YES;
				COPY_PHASE_STRIP = NO;
				DEBUG_INFORMATION_FORMAT = dwarf;
				ENABLE_STRICT_OBJC_MSGSEND = YES;
				ENABLE_TESTABILITY = YES;
				GCC_C_LANGUAGE_STANDARD = gnu11;
				GCC_DYNAMIC_NO_PIC = NO;
				GCC_NO_COMMON_BLOCKS = YES;
				GCC_OPTIMIZATION_LEVEL = 0;
				GCC_PREPROCESSOR_DEFINITIONS = (
					"DEBUG=1",
					"$(inherited)",
				);
				GCC_WARN_64_TO_32_BIT_CONVERSION = YES;
				GCC_WARN_ABOUT_RETURN_TYPE = YES_ERROR;
				GCC_WARN_UNDECLARED_SELECTOR = YES;
				GCC_WARN_UNINITIALIZED_AUTOS = YES_AGGRESSIVE;
				GCC_WARN_UNUSED_FUNCTION = YES;
				GCC_WARN_UNUSED_VARIABLE = YES;
				IPHONEOS_DEPLOYMENT_TARGET = 13.2;
				MTL_ENABLE_DEBUG_INFO = INCLUDE_SOURCE;
				MTL_FAST_MATH = YES;
				ONLY_ACTIVE_ARCH = YES;
				SDKROOT = iphoneos;
				SWIFT_ACTIVE_COMPILATION_CONDITIONS = DEBUG;
				SWIFT_OPTIMIZATION_LEVEL = "-Onone";
			};
			name = Debug;
		};
		D72541C7236CBAD300C854F7 /* Release */ = {
			isa = XCBuildConfiguration;
			buildSettings = {
				ALWAYS_SEARCH_USER_PATHS = NO;
				CLANG_ANALYZER_NONNULL = YES;
				CLANG_ANALYZER_NUMBER_OBJECT_CONVERSION = YES_AGGRESSIVE;
				CLANG_CXX_LANGUAGE_STANDARD = "gnu++14";
				CLANG_CXX_LIBRARY = "libc++";
				CLANG_ENABLE_MODULES = YES;
				CLANG_ENABLE_OBJC_ARC = YES;
				CLANG_ENABLE_OBJC_WEAK = YES;
				CLANG_WARN_BLOCK_CAPTURE_AUTORELEASING = YES;
				CLANG_WARN_BOOL_CONVERSION = YES;
				CLANG_WARN_COMMA = YES;
				CLANG_WARN_CONSTANT_CONVERSION = YES;
				CLANG_WARN_DEPRECATED_OBJC_IMPLEMENTATIONS = YES;
				CLANG_WARN_DIRECT_OBJC_ISA_USAGE = YES_ERROR;
				CLANG_WARN_DOCUMENTATION_COMMENTS = YES;
				CLANG_WARN_EMPTY_BODY = YES;
				CLANG_WARN_ENUM_CONVERSION = YES;
				CLANG_WARN_INFINITE_RECURSION = YES;
				CLANG_WARN_INT_CONVERSION = YES;
				CLANG_WARN_NON_LITERAL_NULL_CONVERSION = YES;
				CLANG_WARN_OBJC_IMPLICIT_RETAIN_SELF = YES;
				CLANG_WARN_OBJC_LITERAL_CONVERSION = YES;
				CLANG_WARN_OBJC_ROOT_CLASS = YES_ERROR;
				CLANG_WARN_RANGE_LOOP_ANALYSIS = YES;
				CLANG_WARN_STRICT_PROTOTYPES = YES;
				CLANG_WARN_SUSPICIOUS_MOVE = YES;
				CLANG_WARN_UNGUARDED_AVAILABILITY = YES_AGGRESSIVE;
				CLANG_WARN_UNREACHABLE_CODE = YES;
				CLANG_WARN__DUPLICATE_METHOD_MATCH = YES;
				COPY_PHASE_STRIP = NO;
				DEBUG_INFORMATION_FORMAT = "dwarf-with-dsym";
				ENABLE_NS_ASSERTIONS = NO;
				ENABLE_STRICT_OBJC_MSGSEND = YES;
				GCC_C_LANGUAGE_STANDARD = gnu11;
				GCC_NO_COMMON_BLOCKS = YES;
				GCC_WARN_64_TO_32_BIT_CONVERSION = YES;
				GCC_WARN_ABOUT_RETURN_TYPE = YES_ERROR;
				GCC_WARN_UNDECLARED_SELECTOR = YES;
				GCC_WARN_UNINITIALIZED_AUTOS = YES_AGGRESSIVE;
				GCC_WARN_UNUSED_FUNCTION = YES;
				GCC_WARN_UNUSED_VARIABLE = YES;
				IPHONEOS_DEPLOYMENT_TARGET = 13.2;
				MTL_ENABLE_DEBUG_INFO = NO;
				MTL_FAST_MATH = YES;
				SDKROOT = iphoneos;
				SWIFT_COMPILATION_MODE = wholemodule;
				SWIFT_OPTIMIZATION_LEVEL = "-O";
				VALIDATE_PRODUCT = YES;
			};
			name = Release;
		};
		D72541C9236CBAD300C854F7 /* Debug */ = {
			isa = XCBuildConfiguration;
			buildSettings = {
				ASSETCATALOG_COMPILER_APPICON_NAME = AppIcon;
				CODE_SIGN_STYLE = Automatic;
				DEVELOPMENT_ASSET_PATHS = "\"Moonshot/Preview Content\"";
				DEVELOPMENT_TEAM = ZQCK5WLKEQ;
				ENABLE_PREVIEWS = YES;
				INFOPLIST_FILE = Moonshot/Info.plist;
				LD_RUNPATH_SEARCH_PATHS = (
					"$(inherited)",
					"@executable_path/Frameworks",
				);
				PRODUCT_BUNDLE_IDENTIFIER = com.undeadPixel.Moonshot;
				PRODUCT_NAME = "$(TARGET_NAME)";
				SWIFT_VERSION = 5.0;
				TARGETED_DEVICE_FAMILY = "1,2";
			};
			name = Debug;
		};
		D72541CA236CBAD300C854F7 /* Release */ = {
			isa = XCBuildConfiguration;
			buildSettings = {
				ASSETCATALOG_COMPILER_APPICON_NAME = AppIcon;
				CODE_SIGN_STYLE = Automatic;
				DEVELOPMENT_ASSET_PATHS = "\"Moonshot/Preview Content\"";
				DEVELOPMENT_TEAM = ZQCK5WLKEQ;
				ENABLE_PREVIEWS = YES;
				INFOPLIST_FILE = Moonshot/Info.plist;
				LD_RUNPATH_SEARCH_PATHS = (
					"$(inherited)",
					"@executable_path/Frameworks",
				);
				PRODUCT_BUNDLE_IDENTIFIER = com.undeadPixel.Moonshot;
				PRODUCT_NAME = "$(TARGET_NAME)";
				SWIFT_VERSION = 5.0;
				TARGETED_DEVICE_FAMILY = "1,2";
			};
			name = Release;
		};
/* End XCBuildConfiguration section */

/* Begin XCConfigurationList section */
		D72541AF236CBACF00C854F7 /* Build configuration list for PBXProject "Moonshot" */ = {
			isa = XCConfigurationList;
			buildConfigurations = (
				D72541C6236CBAD300C854F7 /* Debug */,
				D72541C7236CBAD300C854F7 /* Release */,
			);
			defaultConfigurationIsVisible = 0;
			defaultConfigurationName = Release;
		};
		D72541C8236CBAD300C854F7 /* Build configuration list for PBXNativeTarget "Moonshot" */ = {
			isa = XCConfigurationList;
			buildConfigurations = (
				D72541C9236CBAD300C854F7 /* Debug */,
				D72541CA236CBAD300C854F7 /* Release */,
			);
			defaultConfigurationIsVisible = 0;
			defaultConfigurationName = Release;
		};
/* End XCConfigurationList section */
	};
	rootObject = D72541AC236CBACF00C854F7 /* Project object */;
}
