// !$*UTF8*$!
{
	archiveVersion = 1;
	classes = {
	};
	objectVersion = 50;
	objects = {

/* Begin PBXBuildFile section */
		D725F0C2237359B3000AC8A2 /* FlowerExample.swift in Sources */ = {isa = PBXBuildFile; fileRef = D725F0C1237359B3000AC8A2 /* FlowerExample.swift */; };
		D725F0C423735C3C000AC8A2 /* StrokeExample.swift in Sources */ = {isa = PBXBuildFile; fileRef = D725F0C323735C3C000AC8A2 /* StrokeExample.swift */; };
		D77E8B2B2371D24500E0ED06 /* AppDelegate.swift in Sources */ = {isa = PBXBuildFile; fileRef = D77E8B2A2371D24500E0ED06 /* AppDelegate.swift */; };
		D77E8B2D2371D24500E0ED06 /* SceneDelegate.swift in Sources */ = {isa = PBXBuildFile; fileRef = D77E8B2C2371D24500E0ED06 /* SceneDelegate.swift */; };
		D77E8B2F2371D24500E0ED06 /* ContentView.swift in Sources */ = {isa = PBXBuildFile; fileRef = D77E8B2E2371D24500E0ED06 /* ContentView.swift */; };
		D77E8B312371D24600E0ED06 /* Assets.xcassets in Resources */ = {isa = PBXBuildFile; fileRef = D77E8B302371D24600E0ED06 /* Assets.xcassets */; };
		D77E8B342371D24600E0ED06 /* Preview Assets.xcassets in Resources */ = {isa = PBXBuildFile; fileRef = D77E8B332371D24600E0ED06 /* Preview Assets.xcassets */; };
		D77E8B372371D24600E0ED06 /* LaunchScreen.storyboard in Resources */ = {isa = PBXBuildFile; fileRef = D77E8B352371D24600E0ED06 /* LaunchScreen.storyboard */; };
		D77E8B3F2371D42000E0ED06 /* Shapes.swift in Sources */ = {isa = PBXBuildFile; fileRef = D77E8B3E2371D42000E0ED06 /* Shapes.swift */; };
		D77E8B412371D4A700E0ED06 /* ArcExample.swift in Sources */ = {isa = PBXBuildFile; fileRef = D77E8B402371D4A700E0ED06 /* ArcExample.swift */; };
		D77E8B432371D66600E0ED06 /* StrokeBorder.swift in Sources */ = {isa = PBXBuildFile; fileRef = D77E8B422371D66600E0ED06 /* StrokeBorder.swift */; };
		D786B6D42374BBEC00A69C29 /* ColorCyclingDrawingGroup.swift in Sources */ = {isa = PBXBuildFile; fileRef = D786B6D32374BBEC00A69C29 /* ColorCyclingDrawingGroup.swift */; };
		D786B6D62374BF5400A69C29 /* BlendingModes.swift in Sources */ = {isa = PBXBuildFile; fileRef = D786B6D52374BF5400A69C29 /* BlendingModes.swift */; };
		D786B6D82374BF7300A69C29 /* TrapezoidExample.swift in Sources */ = {isa = PBXBuildFile; fileRef = D786B6D72374BF7300A69C29 /* TrapezoidExample.swift */; };
		D786B6DA2374BFDF00A69C29 /* AnimatablePairExample.swift in Sources */ = {isa = PBXBuildFile; fileRef = D786B6D92374BFDF00A69C29 /* AnimatablePairExample.swift */; };
		D786B6DC2374CCC000A69C29 /* SpirographExample.swift in Sources */ = {isa = PBXBuildFile; fileRef = D786B6DB2374CCC000A69C29 /* SpirographExample.swift */; };
/* End PBXBuildFile section */

/* Begin PBXFileReference section */
		D725F0C1237359B3000AC8A2 /* FlowerExample.swift */ = {isa = PBXFileReference; lastKnownFileType = sourcecode.swift; path = FlowerExample.swift; sourceTree = "<group>"; };
		D725F0C323735C3C000AC8A2 /* StrokeExample.swift */ = {isa = PBXFileReference; lastKnownFileType = sourcecode.swift; path = StrokeExample.swift; sourceTree = "<group>"; };
		D77E8B272371D24500E0ED06 /* Drawing.app */ = {isa = PBXFileReference; explicitFileType = wrapper.application; includeInIndex = 0; path = Drawing.app; sourceTree = BUILT_PRODUCTS_DIR; };
		D77E8B2A2371D24500E0ED06 /* AppDelegate.swift */ = {isa = PBXFileReference; lastKnownFileType = sourcecode.swift; path = AppDelegate.swift; sourceTree = "<group>"; };
		D77E8B2C2371D24500E0ED06 /* SceneDelegate.swift */ = {isa = PBXFileReference; lastKnownFileType = sourcecode.swift; path = SceneDelegate.swift; sourceTree = "<group>"; };
		D77E8B2E2371D24500E0ED06 /* ContentView.swift */ = {isa = PBXFileReference; lastKnownFileType = sourcecode.swift; path = ContentView.swift; sourceTree = "<group>"; };
		D77E8B302371D24600E0ED06 /* Assets.xcassets */ = {isa = PBXFileReference; lastKnownFileType = folder.assetcatalog; path = Assets.xcassets; sourceTree = "<group>"; };
		D77E8B332371D24600E0ED06 /* Preview Assets.xcassets */ = {isa = PBXFileReference; lastKnownFileType = folder.assetcatalog; path = "Preview Assets.xcassets"; sourceTree = "<group>"; };
		D77E8B362371D24600E0ED06 /* Base */ = {isa = PBXFileReference; lastKnownFileType = file.storyboard; name = Base; path = Base.lproj/LaunchScreen.storyboard; sourceTree = "<group>"; };
		D77E8B382371D24600E0ED06 /* Info.plist */ = {isa = PBXFileReference; lastKnownFileType = text.plist.xml; path = Info.plist; sourceTree = "<group>"; };
		D77E8B3E2371D42000E0ED06 /* Shapes.swift */ = {isa = PBXFileReference; lastKnownFileType = sourcecode.swift; path = Shapes.swift; sourceTree = "<group>"; };
		D77E8B402371D4A700E0ED06 /* ArcExample.swift */ = {isa = PBXFileReference; lastKnownFileType = sourcecode.swift; path = ArcExample.swift; sourceTree = "<group>"; };
		D77E8B422371D66600E0ED06 /* StrokeBorder.swift */ = {isa = PBXFileReference; lastKnownFileType = sourcecode.swift; path = StrokeBorder.swift; sourceTree = "<group>"; };
		D786B6D32374BBEC00A69C29 /* ColorCyclingDrawingGroup.swift */ = {isa = PBXFileReference; lastKnownFileType = sourcecode.swift; path = ColorCyclingDrawingGroup.swift; sourceTree = "<group>"; };
		D786B6D52374BF5400A69C29 /* BlendingModes.swift */ = {isa = PBXFileReference; lastKnownFileType = sourcecode.swift; path = BlendingModes.swift; sourceTree = "<group>"; };
		D786B6D72374BF7300A69C29 /* TrapezoidExample.swift */ = {isa = PBXFileReference; lastKnownFileType = sourcecode.swift; path = TrapezoidExample.swift; sourceTree = "<group>"; };
		D786B6D92374BFDF00A69C29 /* AnimatablePairExample.swift */ = {isa = PBXFileReference; lastKnownFileType = sourcecode.swift; path = AnimatablePairExample.swift; sourceTree = "<group>"; };
		D786B6DB2374CCC000A69C29 /* SpirographExample.swift */ = {isa = PBXFileReference; lastKnownFileType = sourcecode.swift; path = SpirographExample.swift; sourceTree = "<group>"; };
/* End PBXFileReference section */

/* Begin PBXFrameworksBuildPhase section */
		D77E8B242371D24500E0ED06 /* Frameworks */ = {
			isa = PBXFrameworksBuildPhase;
			buildActionMask = 2147483647;
			files = (
			);
			runOnlyForDeploymentPostprocessing = 0;
		};
/* End PBXFrameworksBuildPhase section */

/* Begin PBXGroup section */
		D77E8B1E2371D24500E0ED06 = {
			isa = PBXGroup;
			children = (
				D77E8B292371D24500E0ED06 /* Drawing */,
				D77E8B282371D24500E0ED06 /* Products */,
			);
			sourceTree = "<group>";
		};
		D77E8B282371D24500E0ED06 /* Products */ = {
			isa = PBXGroup;
			children = (
				D77E8B272371D24500E0ED06 /* Drawing.app */,
			);
			name = Products;
			sourceTree = "<group>";
		};
		D77E8B292371D24500E0ED06 /* Drawing */ = {
			isa = PBXGroup;
			children = (
				D77E8B2A2371D24500E0ED06 /* AppDelegate.swift */,
				D77E8B2C2371D24500E0ED06 /* SceneDelegate.swift */,
				D77E8B2E2371D24500E0ED06 /* ContentView.swift */,
				D786B6DB2374CCC000A69C29 /* SpirographExample.swift */,
				D786B6D92374BFDF00A69C29 /* AnimatablePairExample.swift */,
				D786B6D72374BF7300A69C29 /* TrapezoidExample.swift */,
				D786B6D32374BBEC00A69C29 /* ColorCyclingDrawingGroup.swift */,
				D786B6D52374BF5400A69C29 /* BlendingModes.swift */,
				D725F0C323735C3C000AC8A2 /* StrokeExample.swift */,
				D725F0C1237359B3000AC8A2 /* FlowerExample.swift */,
				D77E8B3E2371D42000E0ED06 /* Shapes.swift */,
				D77E8B402371D4A700E0ED06 /* ArcExample.swift */,
				D77E8B422371D66600E0ED06 /* StrokeBorder.swift */,
				D77E8B302371D24600E0ED06 /* Assets.xcassets */,
				D77E8B352371D24600E0ED06 /* LaunchScreen.storyboard */,
				D77E8B382371D24600E0ED06 /* Info.plist */,
				D77E8B322371D24600E0ED06 /* Preview Content */,
			);
			path = Drawing;
			sourceTree = "<group>";
		};
		D77E8B322371D24600E0ED06 /* Preview Content */ = {
			isa = PBXGroup;
			children = (
				D77E8B332371D24600E0ED06 /* Preview Assets.xcassets */,
			);
			path = "Preview Content";
			sourceTree = "<group>";
		};
/* End PBXGroup section */

/* Begin PBXNativeTarget section */
		D77E8B262371D24500E0ED06 /* Drawing */ = {
			isa = PBXNativeTarget;
			buildConfigurationList = D77E8B3B2371D24600E0ED06 /* Build configuration list for PBXNativeTarget "Drawing" */;
			buildPhases = (
				D77E8B232371D24500E0ED06 /* Sources */,
				D77E8B242371D24500E0ED06 /* Frameworks */,
				D77E8B252371D24500E0ED06 /* Resources */,
			);
			buildRules = (
			);
			dependencies = (
			);
			name = Drawing;
			productName = Drawing;
			productReference = D77E8B272371D24500E0ED06 /* Drawing.app */;
			productType = "com.apple.product-type.application";
		};
/* End PBXNativeTarget section */

/* Begin PBXProject section */
		D77E8B1F2371D24500E0ED06 /* Project object */ = {
			isa = PBXProject;
			attributes = {
				LastSwiftUpdateCheck = 1120;
				LastUpgradeCheck = 1120;
				ORGANIZATIONNAME = UndeadPixel;
				TargetAttributes = {
					D77E8B262371D24500E0ED06 = {
						CreatedOnToolsVersion = 11.2;
					};
				};
			};
			buildConfigurationList = D77E8B222371D24500E0ED06 /* Build configuration list for PBXProject "Drawing" */;
			compatibilityVersion = "Xcode 9.3";
			developmentRegion = en;
			hasScannedForEncodings = 0;
			knownRegions = (
				en,
				Base,
			);
			mainGroup = D77E8B1E2371D24500E0ED06;
			productRefGroup = D77E8B282371D24500E0ED06 /* Products */;
			projectDirPath = "";
			projectRoot = "";
			targets = (
				D77E8B262371D24500E0ED06 /* Drawing */,
			);
		};
/* End PBXProject section */

/* Begin PBXResourcesBuildPhase section */
		D77E8B252371D24500E0ED06 /* Resources */ = {
			isa = PBXResourcesBuildPhase;
			buildActionMask = 2147483647;
			files = (
				D77E8B372371D24600E0ED06 /* LaunchScreen.storyboard in Resources */,
				D77E8B342371D24600E0ED06 /* Preview Assets.xcassets in Resources */,
				D77E8B312371D24600E0ED06 /* Assets.xcassets in Resources */,
			);
			runOnlyForDeploymentPostprocessing = 0;
		};
/* End PBXResourcesBuildPhase section */

/* Begin PBXSourcesBuildPhase section */
		D77E8B232371D24500E0ED06 /* Sources */ = {
			isa = PBXSourcesBuildPhase;
			buildActionMask = 2147483647;
			files = (
				D77E8B2B2371D24500E0ED06 /* AppDelegate.swift in Sources */,
				D77E8B2D2371D24500E0ED06 /* SceneDelegate.swift in Sources */,
				D786B6D42374BBEC00A69C29 /* ColorCyclingDrawingGroup.swift in Sources */,
				D786B6D62374BF5400A69C29 /* BlendingModes.swift in Sources */,
				D725F0C423735C3C000AC8A2 /* StrokeExample.swift in Sources */,
				D77E8B412371D4A700E0ED06 /* ArcExample.swift in Sources */,
				D786B6D82374BF7300A69C29 /* TrapezoidExample.swift in Sources */,
				D77E8B432371D66600E0ED06 /* StrokeBorder.swift in Sources */,
				D77E8B2F2371D24500E0ED06 /* ContentView.swift in Sources */,
				D786B6DC2374CCC000A69C29 /* SpirographExample.swift in Sources */,
				D786B6DA2374BFDF00A69C29 /* AnimatablePairExample.swift in Sources */,
				D725F0C2237359B3000AC8A2 /* FlowerExample.swift in Sources */,
				D77E8B3F2371D42000E0ED06 /* Shapes.swift in Sources */,
			);
			runOnlyForDeploymentPostprocessing = 0;
		};
/* End PBXSourcesBuildPhase section */

/* Begin PBXVariantGroup section */
		D77E8B352371D24600E0ED06 /* LaunchScreen.storyboard */ = {
			isa = PBXVariantGroup;
			children = (
				D77E8B362371D24600E0ED06 /* Base */,
			);
			name = LaunchScreen.storyboard;
			sourceTree = "<group>";
		};
/* End PBXVariantGroup section */

/* Begin XCBuildConfiguration section */
		D77E8B392371D24600E0ED06 /* Debug */ = {
			isa = XCBuildConfiguration;
			buildSettings = {
				ALWAYS_SEARCH_USER_PATHS = NO;
				CLANG_ANALYZER_NONNULL = YES;
				CLANG_ANALYZER_NUMBER_OBJECT_CONVERSION = YES_AGGRESSIVE;
				CLANG_CXX_LANGUAGE_STANDARD = "gnu++14";
				CLANG_CXX_LIBRARY = "libc++";
				CLANG_ENABLE_MODULES = YES;
				CLANG_ENABLE_OBJC_ARC = YES;
				CLANG_ENABLE_OBJC_WEAK = YES;
				CLANG_WARN_BLOCK_CAPTURE_AUTORELEASING = YES;
				CLANG_WARN_BOOL_CONVERSION = YES;
				CLANG_WARN_COMMA = YES;
				CLANG_WARN_CONSTANT_CONVERSION = YES;
				CLANG_WARN_DEPRECATED_OBJC_IMPLEMENTATIONS = YES;
				CLANG_WARN_DIRECT_OBJC_ISA_USAGE = YES_ERROR;
				CLANG_WARN_DOCUMENTATION_COMMENTS = YES;
				CLANG_WARN_EMPTY_BODY = YES;
				CLANG_WARN_ENUM_CONVERSION = YES;
				CLANG_WARN_INFINITE_RECURSION = YES;
				CLANG_WARN_INT_CONVERSION = YES;
				CLANG_WARN_NON_LITERAL_NULL_CONVERSION = YES;
				CLANG_WARN_OBJC_IMPLICIT_RETAIN_SELF = YES;
				CLANG_WARN_OBJC_LITERAL_CONVERSION = YES;
				CLANG_WARN_OBJC_ROOT_CLASS = YES_ERROR;
				CLANG_WARN_RANGE_LOOP_ANALYSIS = YES;
				CLANG_WARN_STRICT_PROTOTYPES = YES;
				CLANG_WARN_SUSPICIOUS_MOVE = YES;
				CLANG_WARN_UNGUARDED_AVAILABILITY = YES_AGGRESSIVE;
				CLANG_WARN_UNREACHABLE_CODE = YES;
				CLANG_WARN__DUPLICATE_METHOD_MATCH = YES;
				COPY_PHASE_STRIP = NO;
				DEBUG_INFORMATION_FORMAT = dwarf;
				ENABLE_STRICT_OBJC_MSGSEND = YES;
				ENABLE_TESTABILITY = YES;
				GCC_C_LANGUAGE_STANDARD = gnu11;
				GCC_DYNAMIC_NO_PIC = NO;
				GCC_NO_COMMON_BLOCKS = YES;
				GCC_OPTIMIZATION_LEVEL = 0;
				GCC_PREPROCESSOR_DEFINITIONS = (
					"DEBUG=1",
					"$(inherited)",
				);
				GCC_WARN_64_TO_32_BIT_CONVERSION = YES;
				GCC_WARN_ABOUT_RETURN_TYPE = YES_ERROR;
				GCC_WARN_UNDECLARED_SELECTOR = YES;
				GCC_WARN_UNINITIALIZED_AUTOS = YES_AGGRESSIVE;
				GCC_WARN_UNUSED_FUNCTION = YES;
				GCC_WARN_UNUSED_VARIABLE = YES;
				IPHONEOS_DEPLOYMENT_TARGET = 13.2;
				MTL_ENABLE_DEBUG_INFO = INCLUDE_SOURCE;
				MTL_FAST_MATH = YES;
				ONLY_ACTIVE_ARCH = YES;
				SDKROOT = iphoneos;
				SWIFT_ACTIVE_COMPILATION_CONDITIONS = DEBUG;
				SWIFT_OPTIMIZATION_LEVEL = "-Onone";
			};
			name = Debug;
		};
		D77E8B3A2371D24600E0ED06 /* Release */ = {
			isa = XCBuildConfiguration;
			buildSettings = {
				ALWAYS_SEARCH_USER_PATHS = NO;
				CLANG_ANALYZER_NONNULL = YES;
				CLANG_ANALYZER_NUMBER_OBJECT_CONVERSION = YES_AGGRESSIVE;
				CLANG_CXX_LANGUAGE_STANDARD = "gnu++14";
				CLANG_CXX_LIBRARY = "libc++";
				CLANG_ENABLE_MODULES = YES;
				CLANG_ENABLE_OBJC_ARC = YES;
				CLANG_ENABLE_OBJC_WEAK = YES;
				CLANG_WARN_BLOCK_CAPTURE_AUTORELEASING = YES;
				CLANG_WARN_BOOL_CONVERSION = YES;
				CLANG_WARN_COMMA = YES;
				CLANG_WARN_CONSTANT_CONVERSION = YES;
				CLANG_WARN_DEPRECATED_OBJC_IMPLEMENTATIONS = YES;
				CLANG_WARN_DIRECT_OBJC_ISA_USAGE = YES_ERROR;
				CLANG_WARN_DOCUMENTATION_COMMENTS = YES;
				CLANG_WARN_EMPTY_BODY = YES;
				CLANG_WARN_ENUM_CONVERSION = YES;
				CLANG_WARN_INFINITE_RECURSION = YES;
				CLANG_WARN_INT_CONVERSION = YES;
				CLANG_WARN_NON_LITERAL_NULL_CONVERSION = YES;
				CLANG_WARN_OBJC_IMPLICIT_RETAIN_SELF = YES;
				CLANG_WARN_OBJC_LITERAL_CONVERSION = YES;
				CLANG_WARN_OBJC_ROOT_CLASS = YES_ERROR;
				CLANG_WARN_RANGE_LOOP_ANALYSIS = YES;
				CLANG_WARN_STRICT_PROTOTYPES = YES;
				CLANG_WARN_SUSPICIOUS_MOVE = YES;
				CLANG_WARN_UNGUARDED_AVAILABILITY = YES_AGGRESSIVE;
				CLANG_WARN_UNREACHABLE_CODE = YES;
				CLANG_WARN__DUPLICATE_METHOD_MATCH = YES;
				COPY_PHASE_STRIP = NO;
				DEBUG_INFORMATION_FORMAT = "dwarf-with-dsym";
				ENABLE_NS_ASSERTIONS = NO;
				ENABLE_STRICT_OBJC_MSGSEND = YES;
				GCC_C_LANGUAGE_STANDARD = gnu11;
				GCC_NO_COMMON_BLOCKS = YES;
				GCC_WARN_64_TO_32_BIT_CONVERSION = YES;
				GCC_WARN_ABOUT_RETURN_TYPE = YES_ERROR;
				GCC_WARN_UNDECLARED_SELECTOR = YES;
				GCC_WARN_UNINITIALIZED_AUTOS = YES_AGGRESSIVE;
				GCC_WARN_UNUSED_FUNCTION = YES;
				GCC_WARN_UNUSED_VARIABLE = YES;
				IPHONEOS_DEPLOYMENT_TARGET = 13.2;
				MTL_ENABLE_DEBUG_INFO = NO;
				MTL_FAST_MATH = YES;
				SDKROOT = iphoneos;
				SWIFT_COMPILATION_MODE = wholemodule;
				SWIFT_OPTIMIZATION_LEVEL = "-O";
				VALIDATE_PRODUCT = YES;
			};
			name = Release;
		};
		D77E8B3C2371D24600E0ED06 /* Debug */ = {
			isa = XCBuildConfiguration;
			buildSettings = {
				ASSETCATALOG_COMPILER_APPICON_NAME = AppIcon;
				CODE_SIGN_STYLE = Automatic;
				DEVELOPMENT_ASSET_PATHS = "\"Drawing/Preview Content\"";
				DEVELOPMENT_TEAM = ZQCK5WLKEQ;
				ENABLE_PREVIEWS = YES;
				INFOPLIST_FILE = Drawing/Info.plist;
				LD_RUNPATH_SEARCH_PATHS = (
					"$(inherited)",
					"@executable_path/Frameworks",
				);
				PRODUCT_BUNDLE_IDENTIFIER = com.roblack.Drawing;
				PRODUCT_NAME = "$(TARGET_NAME)";
				SWIFT_VERSION = 5.0;
				TARGETED_DEVICE_FAMILY = "1,2";
			};
			name = Debug;
		};
		D77E8B3D2371D24600E0ED06 /* Release */ = {
			isa = XCBuildConfiguration;
			buildSettings = {
				ASSETCATALOG_COMPILER_APPICON_NAME = AppIcon;
				CODE_SIGN_STYLE = Automatic;
				DEVELOPMENT_ASSET_PATHS = "\"Drawing/Preview Content\"";
				DEVELOPMENT_TEAM = ZQCK5WLKEQ;
				ENABLE_PREVIEWS = YES;
				INFOPLIST_FILE = Drawing/Info.plist;
				LD_RUNPATH_SEARCH_PATHS = (
					"$(inherited)",
					"@executable_path/Frameworks",
				);
				PRODUCT_BUNDLE_IDENTIFIER = com.roblack.Drawing;
				PRODUCT_NAME = "$(TARGET_NAME)";
				SWIFT_VERSION = 5.0;
				TARGETED_DEVICE_FAMILY = "1,2";
			};
			name = Release;
		};
/* End XCBuildConfiguration section */

/* Begin XCConfigurationList section */
		D77E8B222371D24500E0ED06 /* Build configuration list for PBXProject "Drawing" */ = {
			isa = XCConfigurationList;
			buildConfigurations = (
				D77E8B392371D24600E0ED06 /* Debug */,
				D77E8B3A2371D24600E0ED06 /* Release */,
			);
			defaultConfigurationIsVisible = 0;
			defaultConfigurationName = Release;
		};
		D77E8B3B2371D24600E0ED06 /* Build configuration list for PBXNativeTarget "Drawing" */ = {
			isa = XCConfigurationList;
			buildConfigurations = (
				D77E8B3C2371D24600E0ED06 /* Debug */,
				D77E8B3D2371D24600E0ED06 /* Release */,
			);
			defaultConfigurationIsVisible = 0;
			defaultConfigurationName = Release;
		};
/* End XCConfigurationList section */
	};
	rootObject = D77E8B1F2371D24500E0ED06 /* Project object */;
}
