// !$*UTF8*$!
{
	archiveVersion = 1;
	classes = {
	};
	objectVersion = 50;
	objects = {

/* Begin PBXBuildFile section */
		D78E33A8239FAAE8003520CA /* AddPersonView.swift in Sources */ = {isa = PBXBuildFile; fileRef = D78E33A7239FAAE8003520CA /* AddPersonView.swift */; };
		D78E33AA239FAD62003520CA /* ImagePicker.swift in Sources */ = {isa = PBXBuildFile; fileRef = D78E33A9239FAD62003520CA /* ImagePicker.swift */; };
		D78E33AE239FBFA1003520CA /* Filemanager+Ex.swift in Sources */ = {isa = PBXBuildFile; fileRef = D78E33AD239FBFA1003520CA /* Filemanager+Ex.swift */; };
		D791EDFD23A2BC67001DCD31 /* MapView.swift in Sources */ = {isa = PBXBuildFile; fileRef = D791EDFC23A2BC67001DCD31 /* MapView.swift */; };
		D791EDFF23A2CEB5001DCD31 /* UserMapView.swift in Sources */ = {isa = PBXBuildFile; fileRef = D791EDFE23A2CEB5001DCD31 /* UserMapView.swift */; };
		D7DC1A21239F9FBC00AC8329 /* AppDelegate.swift in Sources */ = {isa = PBXBuildFile; fileRef = D7DC1A20239F9FBC00AC8329 /* AppDelegate.swift */; };
		D7DC1A23239F9FBC00AC8329 /* SceneDelegate.swift in Sources */ = {isa = PBXBuildFile; fileRef = D7DC1A22239F9FBC00AC8329 /* SceneDelegate.swift */; };
		D7DC1A26239F9FBC00AC8329 /* NameFaceMILSETONE.xcdatamodeld in Sources */ = {isa = PBXBuildFile; fileRef = D7DC1A24239F9FBC00AC8329 /* NameFaceMILSETONE.xcdatamodeld */; };
		D7DC1A28239F9FBC00AC8329 /* ContentView.swift in Sources */ = {isa = PBXBuildFile; fileRef = D7DC1A27239F9FBC00AC8329 /* ContentView.swift */; };
		D7DC1A2A239F9FC100AC8329 /* Assets.xcassets in Resources */ = {isa = PBXBuildFile; fileRef = D7DC1A29239F9FC100AC8329 /* Assets.xcassets */; };
		D7DC1A2D239F9FC100AC8329 /* Preview Assets.xcassets in Resources */ = {isa = PBXBuildFile; fileRef = D7DC1A2C239F9FC100AC8329 /* Preview Assets.xcassets */; };
		D7DC1A30239F9FC100AC8329 /* LaunchScreen.storyboard in Resources */ = {isa = PBXBuildFile; fileRef = D7DC1A2E239F9FC100AC8329 /* LaunchScreen.storyboard */; };
/* End PBXBuildFile section */

/* Begin PBXFileReference section */
		D78E33A7239FAAE8003520CA /* AddPersonView.swift */ = {isa = PBXFileReference; lastKnownFileType = sourcecode.swift; path = AddPersonView.swift; sourceTree = "<group>"; };
		D78E33A9239FAD62003520CA /* ImagePicker.swift */ = {isa = PBXFileReference; lastKnownFileType = sourcecode.swift; path = ImagePicker.swift; sourceTree = "<group>"; };
		D78E33AD239FBFA1003520CA /* Filemanager+Ex.swift */ = {isa = PBXFileReference; lastKnownFileType = sourcecode.swift; path = "Filemanager+Ex.swift"; sourceTree = "<group>"; };
		D791EDFC23A2BC67001DCD31 /* MapView.swift */ = {isa = PBXFileReference; lastKnownFileType = sourcecode.swift; path = MapView.swift; sourceTree = "<group>"; };
		D791EDFE23A2CEB5001DCD31 /* UserMapView.swift */ = {isa = PBXFileReference; lastKnownFileType = sourcecode.swift; path = UserMapView.swift; sourceTree = "<group>"; };
		D7DC1A1D239F9FBC00AC8329 /* NameFaceMILSETONE.app */ = {isa = PBXFileReference; explicitFileType = wrapper.application; includeInIndex = 0; path = NameFaceMILSETONE.app; sourceTree = BUILT_PRODUCTS_DIR; };
		D7DC1A20239F9FBC00AC8329 /* AppDelegate.swift */ = {isa = PBXFileReference; lastKnownFileType = sourcecode.swift; path = AppDelegate.swift; sourceTree = "<group>"; };
		D7DC1A22239F9FBC00AC8329 /* SceneDelegate.swift */ = {isa = PBXFileReference; lastKnownFileType = sourcecode.swift; path = SceneDelegate.swift; sourceTree = "<group>"; };
		D7DC1A25239F9FBC00AC8329 /* NameFaceMILSETONE.xcdatamodel */ = {isa = PBXFileReference; lastKnownFileType = wrapper.xcdatamodel; path = NameFaceMILSETONE.xcdatamodel; sourceTree = "<group>"; };
		D7DC1A27239F9FBC00AC8329 /* ContentView.swift */ = {isa = PBXFileReference; lastKnownFileType = sourcecode.swift; path = ContentView.swift; sourceTree = "<group>"; };
		D7DC1A29239F9FC100AC8329 /* Assets.xcassets */ = {isa = PBXFileReference; lastKnownFileType = folder.assetcatalog; path = Assets.xcassets; sourceTree = "<group>"; };
		D7DC1A2C239F9FC100AC8329 /* Preview Assets.xcassets */ = {isa = PBXFileReference; lastKnownFileType = folder.assetcatalog; path = "Preview Assets.xcassets"; sourceTree = "<group>"; };
		D7DC1A2F239F9FC100AC8329 /* Base */ = {isa = PBXFileReference; lastKnownFileType = file.storyboard; name = Base; path = Base.lproj/LaunchScreen.storyboard; sourceTree = "<group>"; };
		D7DC1A31239F9FC100AC8329 /* Info.plist */ = {isa = PBXFileReference; lastKnownFileType = text.plist.xml; path = Info.plist; sourceTree = "<group>"; };
/* End PBXFileReference section */

/* Begin PBXFrameworksBuildPhase section */
		D7DC1A1A239F9FBC00AC8329 /* Frameworks */ = {
			isa = PBXFrameworksBuildPhase;
			buildActionMask = 2147483647;
			files = (
			);
			runOnlyForDeploymentPostprocessing = 0;
		};
/* End PBXFrameworksBuildPhase section */

/* Begin PBXGroup section */
		D7DC1A14239F9FBC00AC8329 = {
			isa = PBXGroup;
			children = (
				D7DC1A1F239F9FBC00AC8329 /* NameFaceMILSETONE */,
				D7DC1A1E239F9FBC00AC8329 /* Products */,
			);
			sourceTree = "<group>";
		};
		D7DC1A1E239F9FBC00AC8329 /* Products */ = {
			isa = PBXGroup;
			children = (
				D7DC1A1D239F9FBC00AC8329 /* NameFaceMILSETONE.app */,
			);
			name = Products;
			sourceTree = "<group>";
		};
		D7DC1A1F239F9FBC00AC8329 /* NameFaceMILSETONE */ = {
			isa = PBXGroup;
			children = (
				D7DC1A20239F9FBC00AC8329 /* AppDelegate.swift */,
				D7DC1A22239F9FBC00AC8329 /* SceneDelegate.swift */,
				D7DC1A27239F9FBC00AC8329 /* ContentView.swift */,
				D78E33A7239FAAE8003520CA /* AddPersonView.swift */,
				D78E33AD239FBFA1003520CA /* Filemanager+Ex.swift */,
				D791EDFC23A2BC67001DCD31 /* MapView.swift */,
				D791EDFE23A2CEB5001DCD31 /* UserMapView.swift */,
				D78E33A9239FAD62003520CA /* ImagePicker.swift */,
				D7DC1A29239F9FC100AC8329 /* Assets.xcassets */,
				D7DC1A2E239F9FC100AC8329 /* LaunchScreen.storyboard */,
				D7DC1A31239F9FC100AC8329 /* Info.plist */,
				D7DC1A24239F9FBC00AC8329 /* NameFaceMILSETONE.xcdatamodeld */,
				D7DC1A2B239F9FC100AC8329 /* Preview Content */,
			);
			path = NameFaceMILSETONE;
			sourceTree = "<group>";
		};
		D7DC1A2B239F9FC100AC8329 /* Preview Content */ = {
			isa = PBXGroup;
			children = (
				D7DC1A2C239F9FC100AC8329 /* Preview Assets.xcassets */,
			);
			path = "Preview Content";
			sourceTree = "<group>";
		};
/* End PBXGroup section */

/* Begin PBXNativeTarget section */
		D7DC1A1C239F9FBC00AC8329 /* NameFaceMILSETONE */ = {
			isa = PBXNativeTarget;
			buildConfigurationList = D7DC1A34239F9FC100AC8329 /* Build configuration list for PBXNativeTarget "NameFaceMILSETONE" */;
			buildPhases = (
				D7DC1A19239F9FBC00AC8329 /* Sources */,
				D7DC1A1A239F9FBC00AC8329 /* Frameworks */,
				D7DC1A1B239F9FBC00AC8329 /* Resources */,
			);
			buildRules = (
			);
			dependencies = (
			);
			name = NameFaceMILSETONE;
			productName = NameFaceMILSETONE;
			productReference = D7DC1A1D239F9FBC00AC8329 /* NameFaceMILSETONE.app */;
			productType = "com.apple.product-type.application";
		};
/* End PBXNativeTarget section */

/* Begin PBXProject section */
		D7DC1A15239F9FBC00AC8329 /* Project object */ = {
			isa = PBXProject;
			attributes = {
				LastSwiftUpdateCheck = 1120;
				LastUpgradeCheck = 1120;
				ORGANIZATIONNAME = roblack;
				TargetAttributes = {
					D7DC1A1C239F9FBC00AC8329 = {
						CreatedOnToolsVersion = 11.2.1;
					};
				};
			};
			buildConfigurationList = D7DC1A18239F9FBC00AC8329 /* Build configuration list for PBXProject "NameFaceMILSETONE" */;
			compatibilityVersion = "Xcode 9.3";
			developmentRegion = en;
			hasScannedForEncodings = 0;
			knownRegions = (
				en,
				Base,
			);
			mainGroup = D7DC1A14239F9FBC00AC8329;
			productRefGroup = D7DC1A1E239F9FBC00AC8329 /* Products */;
			projectDirPath = "";
			projectRoot = "";
			targets = (
				D7DC1A1C239F9FBC00AC8329 /* NameFaceMILSETONE */,
			);
		};
/* End PBXProject section */

/* Begin PBXResourcesBuildPhase section */
		D7DC1A1B239F9FBC00AC8329 /* Resources */ = {
			isa = PBXResourcesBuildPhase;
			buildActionMask = 2147483647;
			files = (
				D7DC1A30239F9FC100AC8329 /* LaunchScreen.storyboard in Resources */,
				D7DC1A2D239F9FC100AC8329 /* Preview Assets.xcassets in Resources */,
				D7DC1A2A239F9FC100AC8329 /* Assets.xcassets in Resources */,
			);
			runOnlyForDeploymentPostprocessing = 0;
		};
/* End PBXResourcesBuildPhase section */

/* Begin PBXSourcesBuildPhase section */
		D7DC1A19239F9FBC00AC8329 /* Sources */ = {
			isa = PBXSourcesBuildPhase;
			buildActionMask = 2147483647;
			files = (
				D791EDFF23A2CEB5001DCD31 /* UserMapView.swift in Sources */,
				D7DC1A21239F9FBC00AC8329 /* AppDelegate.swift in Sources */,
				D791EDFD23A2BC67001DCD31 /* MapView.swift in Sources */,
				D7DC1A26239F9FBC00AC8329 /* NameFaceMILSETONE.xcdatamodeld in Sources */,
				D78E33A8239FAAE8003520CA /* AddPersonView.swift in Sources */,
				D78E33AA239FAD62003520CA /* ImagePicker.swift in Sources */,
				D78E33AE239FBFA1003520CA /* Filemanager+Ex.swift in Sources */,
				D7DC1A28239F9FBC00AC8329 /* ContentView.swift in Sources */,
				D7DC1A23239F9FBC00AC8329 /* SceneDelegate.swift in Sources */,
			);
			runOnlyForDeploymentPostprocessing = 0;
		};
/* End PBXSourcesBuildPhase section */

/* Begin PBXVariantGroup section */
		D7DC1A2E239F9FC100AC8329 /* LaunchScreen.storyboard */ = {
			isa = PBXVariantGroup;
			children = (
				D7DC1A2F239F9FC100AC8329 /* Base */,
			);
			name = LaunchScreen.storyboard;
			sourceTree = "<group>";
		};
/* End PBXVariantGroup section */

/* Begin XCBuildConfiguration section */
		D7DC1A32239F9FC100AC8329 /* Debug */ = {
			isa = XCBuildConfiguration;
			buildSettings = {
				ALWAYS_SEARCH_USER_PATHS = NO;
				CLANG_ANALYZER_NONNULL = YES;
				CLANG_ANALYZER_NUMBER_OBJECT_CONVERSION = YES_AGGRESSIVE;
				CLANG_CXX_LANGUAGE_STANDARD = "gnu++14";
				CLANG_CXX_LIBRARY = "libc++";
				CLANG_ENABLE_MODULES = YES;
				CLANG_ENABLE_OBJC_ARC = YES;
				CLANG_ENABLE_OBJC_WEAK = YES;
				CLANG_WARN_BLOCK_CAPTURE_AUTORELEASING = YES;
				CLANG_WARN_BOOL_CONVERSION = YES;
				CLANG_WARN_COMMA = YES;
				CLANG_WARN_CONSTANT_CONVERSION = YES;
				CLANG_WARN_DEPRECATED_OBJC_IMPLEMENTATIONS = YES;
				CLANG_WARN_DIRECT_OBJC_ISA_USAGE = YES_ERROR;
				CLANG_WARN_DOCUMENTATION_COMMENTS = YES;
				CLANG_WARN_EMPTY_BODY = YES;
				CLANG_WARN_ENUM_CONVERSION = YES;
				CLANG_WARN_INFINITE_RECURSION = YES;
				CLANG_WARN_INT_CONVERSION = YES;
				CLANG_WARN_NON_LITERAL_NULL_CONVERSION = YES;
				CLANG_WARN_OBJC_IMPLICIT_RETAIN_SELF = YES;
				CLANG_WARN_OBJC_LITERAL_CONVERSION = YES;
				CLANG_WARN_OBJC_ROOT_CLASS = YES_ERROR;
				CLANG_WARN_RANGE_LOOP_ANALYSIS = YES;
				CLANG_WARN_STRICT_PROTOTYPES = YES;
				CLANG_WARN_SUSPICIOUS_MOVE = YES;
				CLANG_WARN_UNGUARDED_AVAILABILITY = YES_AGGRESSIVE;
				CLANG_WARN_UNREACHABLE_CODE = YES;
				CLANG_WARN__DUPLICATE_METHOD_MATCH = YES;
				COPY_PHASE_STRIP = NO;
				DEBUG_INFORMATION_FORMAT = dwarf;
				ENABLE_STRICT_OBJC_MSGSEND = YES;
				ENABLE_TESTABILITY = YES;
				GCC_C_LANGUAGE_STANDARD = gnu11;
				GCC_DYNAMIC_NO_PIC = NO;
				GCC_NO_COMMON_BLOCKS = YES;
				GCC_OPTIMIZATION_LEVEL = 0;
				GCC_PREPROCESSOR_DEFINITIONS = (
					"DEBUG=1",
					"$(inherited)",
				);
				GCC_WARN_64_TO_32_BIT_CONVERSION = YES;
				GCC_WARN_ABOUT_RETURN_TYPE = YES_ERROR;
				GCC_WARN_UNDECLARED_SELECTOR = YES;
				GCC_WARN_UNINITIALIZED_AUTOS = YES_AGGRESSIVE;
				GCC_WARN_UNUSED_FUNCTION = YES;
				GCC_WARN_UNUSED_VARIABLE = YES;
				IPHONEOS_DEPLOYMENT_TARGET = 13.2;
				MTL_ENABLE_DEBUG_INFO = INCLUDE_SOURCE;
				MTL_FAST_MATH = YES;
				ONLY_ACTIVE_ARCH = YES;
				SDKROOT = iphoneos;
				SWIFT_ACTIVE_COMPILATION_CONDITIONS = DEBUG;
				SWIFT_OPTIMIZATION_LEVEL = "-Onone";
			};
			name = Debug;
		};
		D7DC1A33239F9FC100AC8329 /* Release */ = {
			isa = XCBuildConfiguration;
			buildSettings = {
				ALWAYS_SEARCH_USER_PATHS = NO;
				CLANG_ANALYZER_NONNULL = YES;
				CLANG_ANALYZER_NUMBER_OBJECT_CONVERSION = YES_AGGRESSIVE;
				CLANG_CXX_LANGUAGE_STANDARD = "gnu++14";
				CLANG_CXX_LIBRARY = "libc++";
				CLANG_ENABLE_MODULES = YES;
				CLANG_ENABLE_OBJC_ARC = YES;
				CLANG_ENABLE_OBJC_WEAK = YES;
				CLANG_WARN_BLOCK_CAPTURE_AUTORELEASING = YES;
				CLANG_WARN_BOOL_CONVERSION = YES;
				CLANG_WARN_COMMA = YES;
				CLANG_WARN_CONSTANT_CONVERSION = YES;
				CLANG_WARN_DEPRECATED_OBJC_IMPLEMENTATIONS = YES;
				CLANG_WARN_DIRECT_OBJC_ISA_USAGE = YES_ERROR;
				CLANG_WARN_DOCUMENTATION_COMMENTS = YES;
				CLANG_WARN_EMPTY_BODY = YES;
				CLANG_WARN_ENUM_CONVERSION = YES;
				CLANG_WARN_INFINITE_RECURSION = YES;
				CLANG_WARN_INT_CONVERSION = YES;
				CLANG_WARN_NON_LITERAL_NULL_CONVERSION = YES;
				CLANG_WARN_OBJC_IMPLICIT_RETAIN_SELF = YES;
				CLANG_WARN_OBJC_LITERAL_CONVERSION = YES;
				CLANG_WARN_OBJC_ROOT_CLASS = YES_ERROR;
				CLANG_WARN_RANGE_LOOP_ANALYSIS = YES;
				CLANG_WARN_STRICT_PROTOTYPES = YES;
				CLANG_WARN_SUSPICIOUS_MOVE = YES;
				CLANG_WARN_UNGUARDED_AVAILABILITY = YES_AGGRESSIVE;
				CLANG_WARN_UNREACHABLE_CODE = YES;
				CLANG_WARN__DUPLICATE_METHOD_MATCH = YES;
				COPY_PHASE_STRIP = NO;
				DEBUG_INFORMATION_FORMAT = "dwarf-with-dsym";
				ENABLE_NS_ASSERTIONS = NO;
				ENABLE_STRICT_OBJC_MSGSEND = YES;
				GCC_C_LANGUAGE_STANDARD = gnu11;
				GCC_NO_COMMON_BLOCKS = YES;
				GCC_WARN_64_TO_32_BIT_CONVERSION = YES;
				GCC_WARN_ABOUT_RETURN_TYPE = YES_ERROR;
				GCC_WARN_UNDECLARED_SELECTOR = YES;
				GCC_WARN_UNINITIALIZED_AUTOS = YES_AGGRESSIVE;
				GCC_WARN_UNUSED_FUNCTION = YES;
				GCC_WARN_UNUSED_VARIABLE = YES;
				IPHONEOS_DEPLOYMENT_TARGET = 13.2;
				MTL_ENABLE_DEBUG_INFO = NO;
				MTL_FAST_MATH = YES;
				SDKROOT = iphoneos;
				SWIFT_COMPILATION_MODE = wholemodule;
				SWIFT_OPTIMIZATION_LEVEL = "-O";
				VALIDATE_PRODUCT = YES;
			};
			name = Release;
		};
		D7DC1A35239F9FC100AC8329 /* Debug */ = {
			isa = XCBuildConfiguration;
			buildSettings = {
				ASSETCATALOG_COMPILER_APPICON_NAME = AppIcon;
				CODE_SIGN_STYLE = Automatic;
				DEVELOPMENT_ASSET_PATHS = "\"NameFaceMILSETONE/Preview Content\"";
				DEVELOPMENT_TEAM = ZQCK5WLKEQ;
				ENABLE_PREVIEWS = YES;
				INFOPLIST_FILE = NameFaceMILSETONE/Info.plist;
				LD_RUNPATH_SEARCH_PATHS = (
					"$(inherited)",
					"@executable_path/Frameworks",
				);
				PRODUCT_BUNDLE_IDENTIFIER = com.undeadPixel.NameFaceMILSETONE;
				PRODUCT_NAME = "$(TARGET_NAME)";
				SWIFT_VERSION = 5.0;
				TARGETED_DEVICE_FAMILY = "1,2";
			};
			name = Debug;
		};
		D7DC1A36239F9FC100AC8329 /* Release */ = {
			isa = XCBuildConfiguration;
			buildSettings = {
				ASSETCATALOG_COMPILER_APPICON_NAME = AppIcon;
				CODE_SIGN_STYLE = Automatic;
				DEVELOPMENT_ASSET_PATHS = "\"NameFaceMILSETONE/Preview Content\"";
				DEVELOPMENT_TEAM = ZQCK5WLKEQ;
				ENABLE_PREVIEWS = YES;
				INFOPLIST_FILE = NameFaceMILSETONE/Info.plist;
				LD_RUNPATH_SEARCH_PATHS = (
					"$(inherited)",
					"@executable_path/Frameworks",
				);
				PRODUCT_BUNDLE_IDENTIFIER = com.undeadPixel.NameFaceMILSETONE;
				PRODUCT_NAME = "$(TARGET_NAME)";
				SWIFT_VERSION = 5.0;
				TARGETED_DEVICE_FAMILY = "1,2";
			};
			name = Release;
		};
/* End XCBuildConfiguration section */

/* Begin XCConfigurationList section */
		D7DC1A18239F9FBC00AC8329 /* Build configuration list for PBXProject "NameFaceMILSETONE" */ = {
			isa = XCConfigurationList;
			buildConfigurations = (
				D7DC1A32239F9FC100AC8329 /* Debug */,
				D7DC1A33239F9FC100AC8329 /* Release */,
			);
			defaultConfigurationIsVisible = 0;
			defaultConfigurationName = Release;
		};
		D7DC1A34239F9FC100AC8329 /* Build configuration list for PBXNativeTarget "NameFaceMILSETONE" */ = {
			isa = XCConfigurationList;
			buildConfigurations = (
				D7DC1A35239F9FC100AC8329 /* Debug */,
				D7DC1A36239F9FC100AC8329 /* Release */,
			);
			defaultConfigurationIsVisible = 0;
			defaultConfigurationName = Release;
		};
/* End XCConfigurationList section */

/* Begin XCVersionGroup section */
		D7DC1A24239F9FBC00AC8329 /* NameFaceMILSETONE.xcdatamodeld */ = {
			isa = XCVersionGroup;
			children = (
				D7DC1A25239F9FBC00AC8329 /* NameFaceMILSETONE.xcdatamodel */,
			);
			currentVersion = D7DC1A25239F9FBC00AC8329 /* NameFaceMILSETONE.xcdatamodel */;
			path = NameFaceMILSETONE.xcdatamodeld;
			sourceTree = "<group>";
			versionGroupType = wrapper.xcdatamodel;
		};
/* End XCVersionGroup section */
	};
	rootObject = D7DC1A15239F9FBC00AC8329 /* Project object */;
}
