// !$*UTF8*$!
{
	archiveVersion = 1;
	classes = {
	};
	objectVersion = 50;
	objects = {

/* Begin PBXBuildFile section */
		D747BFE223832C72006E0812 /* AppDelegate.swift in Sources */ = {isa = PBXBuildFile; fileRef = D747BFE123832C72006E0812 /* AppDelegate.swift */; };
		D747BFE423832C72006E0812 /* SceneDelegate.swift in Sources */ = {isa = PBXBuildFile; fileRef = D747BFE323832C72006E0812 /* SceneDelegate.swift */; };
		D747BFE723832C72006E0812 /* Bookworm.xcdatamodeld in Sources */ = {isa = PBXBuildFile; fileRef = D747BFE523832C72006E0812 /* Bookworm.xcdatamodeld */; };
		D747BFE923832C72006E0812 /* ContentView.swift in Sources */ = {isa = PBXBuildFile; fileRef = D747BFE823832C72006E0812 /* ContentView.swift */; };
		D747BFEB23832C76006E0812 /* Assets.xcassets in Resources */ = {isa = PBXBuildFile; fileRef = D747BFEA23832C76006E0812 /* Assets.xcassets */; };
		D747BFEE23832C76006E0812 /* Preview Assets.xcassets in Resources */ = {isa = PBXBuildFile; fileRef = D747BFED23832C76006E0812 /* Preview Assets.xcassets */; };
		D747BFF123832C76006E0812 /* LaunchScreen.storyboard in Resources */ = {isa = PBXBuildFile; fileRef = D747BFEF23832C76006E0812 /* LaunchScreen.storyboard */; };
		D747BFF923832ED6006E0812 /* PushButtonBindingExample.swift in Sources */ = {isa = PBXBuildFile; fileRef = D747BFF823832ED6006E0812 /* PushButtonBindingExample.swift */; };
		D7618BDF23848A7E00A8CF50 /* AddBookView.swift in Sources */ = {isa = PBXBuildFile; fileRef = D7618BDE23848A7E00A8CF50 /* AddBookView.swift */; };
		D7618BE123848EAB00A8CF50 /* RatingView.swift in Sources */ = {isa = PBXBuildFile; fileRef = D7618BE023848EAB00A8CF50 /* RatingView.swift */; };
		D7618BE32384914A00A8CF50 /* EmojiRatingView.swift in Sources */ = {isa = PBXBuildFile; fileRef = D7618BE22384914A00A8CF50 /* EmojiRatingView.swift */; };
		D7618BE52384955B00A8CF50 /* DetailView.swift in Sources */ = {isa = PBXBuildFile; fileRef = D7618BE42384955B00A8CF50 /* DetailView.swift */; };
		D7A0369C2387322D005C006E /* Date+Ex.swift in Sources */ = {isa = PBXBuildFile; fileRef = D7A0369B2387322D005C006E /* Date+Ex.swift */; };
/* End PBXBuildFile section */

/* Begin PBXFileReference section */
		D747BFDE23832C72006E0812 /* Bookworm.app */ = {isa = PBXFileReference; explicitFileType = wrapper.application; includeInIndex = 0; path = Bookworm.app; sourceTree = BUILT_PRODUCTS_DIR; };
		D747BFE123832C72006E0812 /* AppDelegate.swift */ = {isa = PBXFileReference; lastKnownFileType = sourcecode.swift; path = AppDelegate.swift; sourceTree = "<group>"; };
		D747BFE323832C72006E0812 /* SceneDelegate.swift */ = {isa = PBXFileReference; lastKnownFileType = sourcecode.swift; path = SceneDelegate.swift; sourceTree = "<group>"; };
		D747BFE623832C72006E0812 /* Bookworm.xcdatamodel */ = {isa = PBXFileReference; lastKnownFileType = wrapper.xcdatamodel; path = Bookworm.xcdatamodel; sourceTree = "<group>"; };
		D747BFE823832C72006E0812 /* ContentView.swift */ = {isa = PBXFileReference; lastKnownFileType = sourcecode.swift; path = ContentView.swift; sourceTree = "<group>"; };
		D747BFEA23832C76006E0812 /* Assets.xcassets */ = {isa = PBXFileReference; lastKnownFileType = folder.assetcatalog; path = Assets.xcassets; sourceTree = "<group>"; };
		D747BFED23832C76006E0812 /* Preview Assets.xcassets */ = {isa = PBXFileReference; lastKnownFileType = folder.assetcatalog; path = "Preview Assets.xcassets"; sourceTree = "<group>"; };
		D747BFF023832C76006E0812 /* Base */ = {isa = PBXFileReference; lastKnownFileType = file.storyboard; name = Base; path = Base.lproj/LaunchScreen.storyboard; sourceTree = "<group>"; };
		D747BFF223832C76006E0812 /* Info.plist */ = {isa = PBXFileReference; lastKnownFileType = text.plist.xml; path = Info.plist; sourceTree = "<group>"; };
		D747BFF823832ED6006E0812 /* PushButtonBindingExample.swift */ = {isa = PBXFileReference; lastKnownFileType = sourcecode.swift; path = PushButtonBindingExample.swift; sourceTree = "<group>"; };
		D7618BDE23848A7E00A8CF50 /* AddBookView.swift */ = {isa = PBXFileReference; lastKnownFileType = sourcecode.swift; path = AddBookView.swift; sourceTree = "<group>"; };
		D7618BE023848EAB00A8CF50 /* RatingView.swift */ = {isa = PBXFileReference; lastKnownFileType = sourcecode.swift; path = RatingView.swift; sourceTree = "<group>"; };
		D7618BE22384914A00A8CF50 /* EmojiRatingView.swift */ = {isa = PBXFileReference; lastKnownFileType = sourcecode.swift; path = EmojiRatingView.swift; sourceTree = "<group>"; };
		D7618BE42384955B00A8CF50 /* DetailView.swift */ = {isa = PBXFileReference; lastKnownFileType = sourcecode.swift; path = DetailView.swift; sourceTree = "<group>"; };
		D7A0369B2387322D005C006E /* Date+Ex.swift */ = {isa = PBXFileReference; lastKnownFileType = sourcecode.swift; path = "Date+Ex.swift"; sourceTree = "<group>"; };
/* End PBXFileReference section */

/* Begin PBXFrameworksBuildPhase section */
		D747BFDB23832C72006E0812 /* Frameworks */ = {
			isa = PBXFrameworksBuildPhase;
			buildActionMask = 2147483647;
			files = (
			);
			runOnlyForDeploymentPostprocessing = 0;
		};
/* End PBXFrameworksBuildPhase section */

/* Begin PBXGroup section */
		D747BFD523832C72006E0812 = {
			isa = PBXGroup;
			children = (
				D747BFE023832C72006E0812 /* Bookworm */,
				D747BFDF23832C72006E0812 /* Products */,
			);
			sourceTree = "<group>";
		};
		D747BFDF23832C72006E0812 /* Products */ = {
			isa = PBXGroup;
			children = (
				D747BFDE23832C72006E0812 /* Bookworm.app */,
			);
			name = Products;
			sourceTree = "<group>";
		};
		D747BFE023832C72006E0812 /* Bookworm */ = {
			isa = PBXGroup;
			children = (
				D747BFE123832C72006E0812 /* AppDelegate.swift */,
				D747BFE323832C72006E0812 /* SceneDelegate.swift */,
				D747BFE823832C72006E0812 /* ContentView.swift */,
				D7618BE42384955B00A8CF50 /* DetailView.swift */,
				D7618BDE23848A7E00A8CF50 /* AddBookView.swift */,
				D7A0369B2387322D005C006E /* Date+Ex.swift */,
				D7618BE22384914A00A8CF50 /* EmojiRatingView.swift */,
				D7618BE023848EAB00A8CF50 /* RatingView.swift */,
				D747BFF823832ED6006E0812 /* PushButtonBindingExample.swift */,
				D747BFEA23832C76006E0812 /* Assets.xcassets */,
				D747BFEF23832C76006E0812 /* LaunchScreen.storyboard */,
				D747BFF223832C76006E0812 /* Info.plist */,
				D747BFE523832C72006E0812 /* Bookworm.xcdatamodeld */,
				D747BFEC23832C76006E0812 /* Preview Content */,
			);
			path = Bookworm;
			sourceTree = "<group>";
		};
		D747BFEC23832C76006E0812 /* Preview Content */ = {
			isa = PBXGroup;
			children = (
				D747BFED23832C76006E0812 /* Preview Assets.xcassets */,
			);
			path = "Preview Content";
			sourceTree = "<group>";
		};
/* End PBXGroup section */

/* Begin PBXNativeTarget section */
		D747BFDD23832C72006E0812 /* Bookworm */ = {
			isa = PBXNativeTarget;
			buildConfigurationList = D747BFF523832C76006E0812 /* Build configuration list for PBXNativeTarget "Bookworm" */;
			buildPhases = (
				D747BFDA23832C72006E0812 /* Sources */,
				D747BFDB23832C72006E0812 /* Frameworks */,
				D747BFDC23832C72006E0812 /* Resources */,
			);
			buildRules = (
			);
			dependencies = (
			);
			name = Bookworm;
			productName = Bookworm;
			productReference = D747BFDE23832C72006E0812 /* Bookworm.app */;
			productType = "com.apple.product-type.application";
		};
/* End PBXNativeTarget section */

/* Begin PBXProject section */
		D747BFD623832C72006E0812 /* Project object */ = {
			isa = PBXProject;
			attributes = {
				LastSwiftUpdateCheck = 1120;
				LastUpgradeCheck = 1120;
				ORGANIZATIONNAME = roblack;
				TargetAttributes = {
					D747BFDD23832C72006E0812 = {
						CreatedOnToolsVersion = 11.2.1;
					};
				};
			};
			buildConfigurationList = D747BFD923832C72006E0812 /* Build configuration list for PBXProject "Bookworm" */;
			compatibilityVersion = "Xcode 9.3";
			developmentRegion = en;
			hasScannedForEncodings = 0;
			knownRegions = (
				en,
				Base,
			);
			mainGroup = D747BFD523832C72006E0812;
			productRefGroup = D747BFDF23832C72006E0812 /* Products */;
			projectDirPath = "";
			projectRoot = "";
			targets = (
				D747BFDD23832C72006E0812 /* Bookworm */,
			);
		};
/* End PBXProject section */

/* Begin PBXResourcesBuildPhase section */
		D747BFDC23832C72006E0812 /* Resources */ = {
			isa = PBXResourcesBuildPhase;
			buildActionMask = 2147483647;
			files = (
				D747BFF123832C76006E0812 /* LaunchScreen.storyboard in Resources */,
				D747BFEE23832C76006E0812 /* Preview Assets.xcassets in Resources */,
				D747BFEB23832C76006E0812 /* Assets.xcassets in Resources */,
			);
			runOnlyForDeploymentPostprocessing = 0;
		};
/* End PBXResourcesBuildPhase section */

/* Begin PBXSourcesBuildPhase section */
		D747BFDA23832C72006E0812 /* Sources */ = {
			isa = PBXSourcesBuildPhase;
			buildActionMask = 2147483647;
			files = (
				D747BFE223832C72006E0812 /* AppDelegate.swift in Sources */,
				D7618BE52384955B00A8CF50 /* DetailView.swift in Sources */,
				D7618BDF23848A7E00A8CF50 /* AddBookView.swift in Sources */,
				D747BFE723832C72006E0812 /* Bookworm.xcdatamodeld in Sources */,
				D7A0369C2387322D005C006E /* Date+Ex.swift in Sources */,
				D747BFE923832C72006E0812 /* ContentView.swift in Sources */,
				D7618BE32384914A00A8CF50 /* EmojiRatingView.swift in Sources */,
				D747BFF923832ED6006E0812 /* PushButtonBindingExample.swift in Sources */,
				D747BFE423832C72006E0812 /* SceneDelegate.swift in Sources */,
				D7618BE123848EAB00A8CF50 /* RatingView.swift in Sources */,
			);
			runOnlyForDeploymentPostprocessing = 0;
		};
/* End PBXSourcesBuildPhase section */

/* Begin PBXVariantGroup section */
		D747BFEF23832C76006E0812 /* LaunchScreen.storyboard */ = {
			isa = PBXVariantGroup;
			children = (
				D747BFF023832C76006E0812 /* Base */,
			);
			name = LaunchScreen.storyboard;
			sourceTree = "<group>";
		};
/* End PBXVariantGroup section */

/* Begin XCBuildConfiguration section */
		D747BFF323832C76006E0812 /* Debug */ = {
			isa = XCBuildConfiguration;
			buildSettings = {
				ALWAYS_SEARCH_USER_PATHS = NO;
				CLANG_ANALYZER_NONNULL = YES;
				CLANG_ANALYZER_NUMBER_OBJECT_CONVERSION = YES_AGGRESSIVE;
				CLANG_CXX_LANGUAGE_STANDARD = "gnu++14";
				CLANG_CXX_LIBRARY = "libc++";
				CLANG_ENABLE_MODULES = YES;
				CLANG_ENABLE_OBJC_ARC = YES;
				CLANG_ENABLE_OBJC_WEAK = YES;
				CLANG_WARN_BLOCK_CAPTURE_AUTORELEASING = YES;
				CLANG_WARN_BOOL_CONVERSION = YES;
				CLANG_WARN_COMMA = YES;
				CLANG_WARN_CONSTANT_CONVERSION = YES;
				CLANG_WARN_DEPRECATED_OBJC_IMPLEMENTATIONS = YES;
				CLANG_WARN_DIRECT_OBJC_ISA_USAGE = YES_ERROR;
				CLANG_WARN_DOCUMENTATION_COMMENTS = YES;
				CLANG_WARN_EMPTY_BODY = YES;
				CLANG_WARN_ENUM_CONVERSION = YES;
				CLANG_WARN_INFINITE_RECURSION = YES;
				CLANG_WARN_INT_CONVERSION = YES;
				CLANG_WARN_NON_LITERAL_NULL_CONVERSION = YES;
				CLANG_WARN_OBJC_IMPLICIT_RETAIN_SELF = YES;
				CLANG_WARN_OBJC_LITERAL_CONVERSION = YES;
				CLANG_WARN_OBJC_ROOT_CLASS = YES_ERROR;
				CLANG_WARN_RANGE_LOOP_ANALYSIS = YES;
				CLANG_WARN_STRICT_PROTOTYPES = YES;
				CLANG_WARN_SUSPICIOUS_MOVE = YES;
				CLANG_WARN_UNGUARDED_AVAILABILITY = YES_AGGRESSIVE;
				CLANG_WARN_UNREACHABLE_CODE = YES;
				CLANG_WARN__DUPLICATE_METHOD_MATCH = YES;
				COPY_PHASE_STRIP = NO;
				DEBUG_INFORMATION_FORMAT = dwarf;
				ENABLE_STRICT_OBJC_MSGSEND = YES;
				ENABLE_TESTABILITY = YES;
				GCC_C_LANGUAGE_STANDARD = gnu11;
				GCC_DYNAMIC_NO_PIC = NO;
				GCC_NO_COMMON_BLOCKS = YES;
				GCC_OPTIMIZATION_LEVEL = 0;
				GCC_PREPROCESSOR_DEFINITIONS = (
					"DEBUG=1",
					"$(inherited)",
				);
				GCC_WARN_64_TO_32_BIT_CONVERSION = YES;
				GCC_WARN_ABOUT_RETURN_TYPE = YES_ERROR;
				GCC_WARN_UNDECLARED_SELECTOR = YES;
				GCC_WARN_UNINITIALIZED_AUTOS = YES_AGGRESSIVE;
				GCC_WARN_UNUSED_FUNCTION = YES;
				GCC_WARN_UNUSED_VARIABLE = YES;
				IPHONEOS_DEPLOYMENT_TARGET = 13.2;
				MTL_ENABLE_DEBUG_INFO = INCLUDE_SOURCE;
				MTL_FAST_MATH = YES;
				ONLY_ACTIVE_ARCH = YES;
				SDKROOT = iphoneos;
				SWIFT_ACTIVE_COMPILATION_CONDITIONS = DEBUG;
				SWIFT_OPTIMIZATION_LEVEL = "-Onone";
			};
			name = Debug;
		};
		D747BFF423832C76006E0812 /* Release */ = {
			isa = XCBuildConfiguration;
			buildSettings = {
				ALWAYS_SEARCH_USER_PATHS = NO;
				CLANG_ANALYZER_NONNULL = YES;
				CLANG_ANALYZER_NUMBER_OBJECT_CONVERSION = YES_AGGRESSIVE;
				CLANG_CXX_LANGUAGE_STANDARD = "gnu++14";
				CLANG_CXX_LIBRARY = "libc++";
				CLANG_ENABLE_MODULES = YES;
				CLANG_ENABLE_OBJC_ARC = YES;
				CLANG_ENABLE_OBJC_WEAK = YES;
				CLANG_WARN_BLOCK_CAPTURE_AUTORELEASING = YES;
				CLANG_WARN_BOOL_CONVERSION = YES;
				CLANG_WARN_COMMA = YES;
				CLANG_WARN_CONSTANT_CONVERSION = YES;
				CLANG_WARN_DEPRECATED_OBJC_IMPLEMENTATIONS = YES;
				CLANG_WARN_DIRECT_OBJC_ISA_USAGE = YES_ERROR;
				CLANG_WARN_DOCUMENTATION_COMMENTS = YES;
				CLANG_WARN_EMPTY_BODY = YES;
				CLANG_WARN_ENUM_CONVERSION = YES;
				CLANG_WARN_INFINITE_RECURSION = YES;
				CLANG_WARN_INT_CONVERSION = YES;
				CLANG_WARN_NON_LITERAL_NULL_CONVERSION = YES;
				CLANG_WARN_OBJC_IMPLICIT_RETAIN_SELF = YES;
				CLANG_WARN_OBJC_LITERAL_CONVERSION = YES;
				CLANG_WARN_OBJC_ROOT_CLASS = YES_ERROR;
				CLANG_WARN_RANGE_LOOP_ANALYSIS = YES;
				CLANG_WARN_STRICT_PROTOTYPES = YES;
				CLANG_WARN_SUSPICIOUS_MOVE = YES;
				CLANG_WARN_UNGUARDED_AVAILABILITY = YES_AGGRESSIVE;
				CLANG_WARN_UNREACHABLE_CODE = YES;
				CLANG_WARN__DUPLICATE_METHOD_MATCH = YES;
				COPY_PHASE_STRIP = NO;
				DEBUG_INFORMATION_FORMAT = "dwarf-with-dsym";
				ENABLE_NS_ASSERTIONS = NO;
				ENABLE_STRICT_OBJC_MSGSEND = YES;
				GCC_C_LANGUAGE_STANDARD = gnu11;
				GCC_NO_COMMON_BLOCKS = YES;
				GCC_WARN_64_TO_32_BIT_CONVERSION = YES;
				GCC_WARN_ABOUT_RETURN_TYPE = YES_ERROR;
				GCC_WARN_UNDECLARED_SELECTOR = YES;
				GCC_WARN_UNINITIALIZED_AUTOS = YES_AGGRESSIVE;
				GCC_WARN_UNUSED_FUNCTION = YES;
				GCC_WARN_UNUSED_VARIABLE = YES;
				IPHONEOS_DEPLOYMENT_TARGET = 13.2;
				MTL_ENABLE_DEBUG_INFO = NO;
				MTL_FAST_MATH = YES;
				SDKROOT = iphoneos;
				SWIFT_COMPILATION_MODE = wholemodule;
				SWIFT_OPTIMIZATION_LEVEL = "-O";
				VALIDATE_PRODUCT = YES;
			};
			name = Release;
		};
		D747BFF623832C76006E0812 /* Debug */ = {
			isa = XCBuildConfiguration;
			buildSettings = {
				ASSETCATALOG_COMPILER_APPICON_NAME = AppIcon;
				CODE_SIGN_STYLE = Automatic;
				DEVELOPMENT_ASSET_PATHS = "\"Bookworm/Preview Content\"";
				DEVELOPMENT_TEAM = ZQCK5WLKEQ;
				ENABLE_PREVIEWS = YES;
				INFOPLIST_FILE = Bookworm/Info.plist;
				LD_RUNPATH_SEARCH_PATHS = (
					"$(inherited)",
					"@executable_path/Frameworks",
				);
				PRODUCT_BUNDLE_IDENTIFIER = com.undeadPixel.Bookworm;
				PRODUCT_NAME = "$(TARGET_NAME)";
				SWIFT_VERSION = 5.0;
				TARGETED_DEVICE_FAMILY = "1,2";
			};
			name = Debug;
		};
		D747BFF723832C76006E0812 /* Release */ = {
			isa = XCBuildConfiguration;
			buildSettings = {
				ASSETCATALOG_COMPILER_APPICON_NAME = AppIcon;
				CODE_SIGN_STYLE = Automatic;
				DEVELOPMENT_ASSET_PATHS = "\"Bookworm/Preview Content\"";
				DEVELOPMENT_TEAM = ZQCK5WLKEQ;
				ENABLE_PREVIEWS = YES;
				INFOPLIST_FILE = Bookworm/Info.plist;
				LD_RUNPATH_SEARCH_PATHS = (
					"$(inherited)",
					"@executable_path/Frameworks",
				);
				PRODUCT_BUNDLE_IDENTIFIER = com.undeadPixel.Bookworm;
				PRODUCT_NAME = "$(TARGET_NAME)";
				SWIFT_VERSION = 5.0;
				TARGETED_DEVICE_FAMILY = "1,2";
			};
			name = Release;
		};
/* End XCBuildConfiguration section */

/* Begin XCConfigurationList section */
		D747BFD923832C72006E0812 /* Build configuration list for PBXProject "Bookworm" */ = {
			isa = XCConfigurationList;
			buildConfigurations = (
				D747BFF323832C76006E0812 /* Debug */,
				D747BFF423832C76006E0812 /* Release */,
			);
			defaultConfigurationIsVisible = 0;
			defaultConfigurationName = Release;
		};
		D747BFF523832C76006E0812 /* Build configuration list for PBXNativeTarget "Bookworm" */ = {
			isa = XCConfigurationList;
			buildConfigurations = (
				D747BFF623832C76006E0812 /* Debug */,
				D747BFF723832C76006E0812 /* Release */,
			);
			defaultConfigurationIsVisible = 0;
			defaultConfigurationName = Release;
		};
/* End XCConfigurationList section */

/* Begin XCVersionGroup section */
		D747BFE523832C72006E0812 /* Bookworm.xcdatamodeld */ = {
			isa = XCVersionGroup;
			children = (
				D747BFE623832C72006E0812 /* Bookworm.xcdatamodel */,
			);
			currentVersion = D747BFE623832C72006E0812 /* Bookworm.xcdatamodel */;
			path = Bookworm.xcdatamodeld;
			sourceTree = "<group>";
			versionGroupType = wrapper.xcdatamodel;
		};
/* End XCVersionGroup section */
	};
	rootObject = D747BFD623832C72006E0812 /* Project object */;
}
