// !$*UTF8*$!
{
	archiveVersion = 1;
	classes = {
	};
	objectVersion = 50;
	objects = {

/* Begin PBXBuildFile section */
		D7198DD22396F59A003ED47E /* Results.swift in Sources */ = {isa = PBXBuildFile; fileRef = D7198DD12396F59A003ED47E /* Results.swift */; };
		D72557B6239988C100EDD769 /* UnlockedMapView.swift in Sources */ = {isa = PBXBuildFile; fileRef = D72557B5239988C100EDD769 /* UnlockedMapView.swift */; };
		D73E83CB2398FABA008B7205 /* MKPointAnnotation-Codable.swift in Sources */ = {isa = PBXBuildFile; fileRef = D73E83CA2398FABA008B7205 /* MKPointAnnotation-Codable.swift */; };
		D75A1F752396D969007C1DBB /* MKPointAnnotation-ObservableObject.swift in Sources */ = {isa = PBXBuildFile; fileRef = D75A1F742396D969007C1DBB /* MKPointAnnotation-ObservableObject.swift */; };
		D75A1F772396D9C2007C1DBB /* EditView.swift in Sources */ = {isa = PBXBuildFile; fileRef = D75A1F762396D9C2007C1DBB /* EditView.swift */; };
		D7B077BE2394662E00DEF34F /* MapView.swift in Sources */ = {isa = PBXBuildFile; fileRef = D7B077BD2394662E00DEF34F /* MapView.swift */; };
		D7BDB6C323928176003AD316 /* AppDelegate.swift in Sources */ = {isa = PBXBuildFile; fileRef = D7BDB6C223928176003AD316 /* AppDelegate.swift */; };
		D7BDB6C523928176003AD316 /* SceneDelegate.swift in Sources */ = {isa = PBXBuildFile; fileRef = D7BDB6C423928176003AD316 /* SceneDelegate.swift */; };
		D7BDB6C723928176003AD316 /* ContentView.swift in Sources */ = {isa = PBXBuildFile; fileRef = D7BDB6C623928176003AD316 /* ContentView.swift */; };
		D7BDB6C92392817A003AD316 /* Assets.xcassets in Resources */ = {isa = PBXBuildFile; fileRef = D7BDB6C82392817A003AD316 /* Assets.xcassets */; };
		D7BDB6CC2392817A003AD316 /* Preview Assets.xcassets in Resources */ = {isa = PBXBuildFile; fileRef = D7BDB6CB2392817A003AD316 /* Preview Assets.xcassets */; };
		D7BDB6CF2392817A003AD316 /* LaunchScreen.storyboard in Resources */ = {isa = PBXBuildFile; fileRef = D7BDB6CD2392817A003AD316 /* LaunchScreen.storyboard */; };
		D7BDB6D723928569003AD316 /* FileManager+Ex.swift in Sources */ = {isa = PBXBuildFile; fileRef = D7BDB6D623928569003AD316 /* FileManager+Ex.swift */; };
/* End PBXBuildFile section */

/* Begin PBXFileReference section */
		D7198DD12396F59A003ED47E /* Results.swift */ = {isa = PBXFileReference; lastKnownFileType = sourcecode.swift; path = Results.swift; sourceTree = "<group>"; };
		D72557B5239988C100EDD769 /* UnlockedMapView.swift */ = {isa = PBXFileReference; lastKnownFileType = sourcecode.swift; path = UnlockedMapView.swift; sourceTree = "<group>"; };
		D73E83CA2398FABA008B7205 /* MKPointAnnotation-Codable.swift */ = {isa = PBXFileReference; lastKnownFileType = sourcecode.swift; path = "MKPointAnnotation-Codable.swift"; sourceTree = "<group>"; };
		D75A1F742396D969007C1DBB /* MKPointAnnotation-ObservableObject.swift */ = {isa = PBXFileReference; lastKnownFileType = sourcecode.swift; path = "MKPointAnnotation-ObservableObject.swift"; sourceTree = "<group>"; };
		D75A1F762396D9C2007C1DBB /* EditView.swift */ = {isa = PBXFileReference; lastKnownFileType = sourcecode.swift; path = EditView.swift; sourceTree = "<group>"; };
		D7B077BD2394662E00DEF34F /* MapView.swift */ = {isa = PBXFileReference; lastKnownFileType = sourcecode.swift; path = MapView.swift; sourceTree = "<group>"; };
		D7BDB6BF23928176003AD316 /* BucketList.app */ = {isa = PBXFileReference; explicitFileType = wrapper.application; includeInIndex = 0; path = BucketList.app; sourceTree = BUILT_PRODUCTS_DIR; };
		D7BDB6C223928176003AD316 /* AppDelegate.swift */ = {isa = PBXFileReference; lastKnownFileType = sourcecode.swift; path = AppDelegate.swift; sourceTree = "<group>"; };
		D7BDB6C423928176003AD316 /* SceneDelegate.swift */ = {isa = PBXFileReference; lastKnownFileType = sourcecode.swift; path = SceneDelegate.swift; sourceTree = "<group>"; };
		D7BDB6C623928176003AD316 /* ContentView.swift */ = {isa = PBXFileReference; lastKnownFileType = sourcecode.swift; path = ContentView.swift; sourceTree = "<group>"; };
		D7BDB6C82392817A003AD316 /* Assets.xcassets */ = {isa = PBXFileReference; lastKnownFileType = folder.assetcatalog; path = Assets.xcassets; sourceTree = "<group>"; };
		D7BDB6CB2392817A003AD316 /* Preview Assets.xcassets */ = {isa = PBXFileReference; lastKnownFileType = folder.assetcatalog; path = "Preview Assets.xcassets"; sourceTree = "<group>"; };
		D7BDB6CE2392817A003AD316 /* Base */ = {isa = PBXFileReference; lastKnownFileType = file.storyboard; name = Base; path = Base.lproj/LaunchScreen.storyboard; sourceTree = "<group>"; };
		D7BDB6D02392817A003AD316 /* Info.plist */ = {isa = PBXFileReference; lastKnownFileType = text.plist.xml; path = Info.plist; sourceTree = "<group>"; };
		D7BDB6D623928569003AD316 /* FileManager+Ex.swift */ = {isa = PBXFileReference; lastKnownFileType = sourcecode.swift; path = "FileManager+Ex.swift"; sourceTree = "<group>"; };
/* End PBXFileReference section */

/* Begin PBXFrameworksBuildPhase section */
		D7BDB6BC23928176003AD316 /* Frameworks */ = {
			isa = PBXFrameworksBuildPhase;
			buildActionMask = 2147483647;
			files = (
			);
			runOnlyForDeploymentPostprocessing = 0;
		};
/* End PBXFrameworksBuildPhase section */

/* Begin PBXGroup section */
		D7BDB6B623928176003AD316 = {
			isa = PBXGroup;
			children = (
				D7BDB6C123928176003AD316 /* BucketList */,
				D7BDB6C023928176003AD316 /* Products */,
			);
			sourceTree = "<group>";
		};
		D7BDB6C023928176003AD316 /* Products */ = {
			isa = PBXGroup;
			children = (
				D7BDB6BF23928176003AD316 /* BucketList.app */,
			);
			name = Products;
			sourceTree = "<group>";
		};
		D7BDB6C123928176003AD316 /* BucketList */ = {
			isa = PBXGroup;
			children = (
				D7BDB6C223928176003AD316 /* AppDelegate.swift */,
				D7BDB6C423928176003AD316 /* SceneDelegate.swift */,
				D7BDB6C623928176003AD316 /* ContentView.swift */,
				D72557B5239988C100EDD769 /* UnlockedMapView.swift */,
				D7BDB6D623928569003AD316 /* FileManager+Ex.swift */,
				D7B077BD2394662E00DEF34F /* MapView.swift */,
				D75A1F742396D969007C1DBB /* MKPointAnnotation-ObservableObject.swift */,
				D75A1F762396D9C2007C1DBB /* EditView.swift */,
				D73E83CA2398FABA008B7205 /* MKPointAnnotation-Codable.swift */,
				D7198DD12396F59A003ED47E /* Results.swift */,
				D7BDB6C82392817A003AD316 /* Assets.xcassets */,
				D7BDB6CD2392817A003AD316 /* LaunchScreen.storyboard */,
				D7BDB6D02392817A003AD316 /* Info.plist */,
				D7BDB6CA2392817A003AD316 /* Preview Content */,
			);
			path = BucketList;
			sourceTree = "<group>";
		};
		D7BDB6CA2392817A003AD316 /* Preview Content */ = {
			isa = PBXGroup;
			children = (
				D7BDB6CB2392817A003AD316 /* Preview Assets.xcassets */,
			);
			path = "Preview Content";
			sourceTree = "<group>";
		};
/* End PBXGroup section */

/* Begin PBXNativeTarget section */
		D7BDB6BE23928176003AD316 /* BucketList */ = {
			isa = PBXNativeTarget;
			buildConfigurationList = D7BDB6D32392817A003AD316 /* Build configuration list for PBXNativeTarget "BucketList" */;
			buildPhases = (
				D7BDB6BB23928176003AD316 /* Sources */,
				D7BDB6BC23928176003AD316 /* Frameworks */,
				D7BDB6BD23928176003AD316 /* Resources */,
			);
			buildRules = (
			);
			dependencies = (
			);
			name = BucketList;
			productName = BucketList;
			productReference = D7BDB6BF23928176003AD316 /* BucketList.app */;
			productType = "com.apple.product-type.application";
		};
/* End PBXNativeTarget section */

/* Begin PBXProject section */
		D7BDB6B723928176003AD316 /* Project object */ = {
			isa = PBXProject;
			attributes = {
				LastSwiftUpdateCheck = 1120;
				LastUpgradeCheck = 1120;
				ORGANIZATIONNAME = roblack;
				TargetAttributes = {
					D7BDB6BE23928176003AD316 = {
						CreatedOnToolsVersion = 11.2.1;
					};
				};
			};
			buildConfigurationList = D7BDB6BA23928176003AD316 /* Build configuration list for PBXProject "BucketList" */;
			compatibilityVersion = "Xcode 9.3";
			developmentRegion = en;
			hasScannedForEncodings = 0;
			knownRegions = (
				en,
				Base,
			);
			mainGroup = D7BDB6B623928176003AD316;
			productRefGroup = D7BDB6C023928176003AD316 /* Products */;
			projectDirPath = "";
			projectRoot = "";
			targets = (
				D7BDB6BE23928176003AD316 /* BucketList */,
			);
		};
/* End PBXProject section */

/* Begin PBXResourcesBuildPhase section */
		D7BDB6BD23928176003AD316 /* Resources */ = {
			isa = PBXResourcesBuildPhase;
			buildActionMask = 2147483647;
			files = (
				D7BDB6CF2392817A003AD316 /* LaunchScreen.storyboard in Resources */,
				D7BDB6CC2392817A003AD316 /* Preview Assets.xcassets in Resources */,
				D7BDB6C92392817A003AD316 /* Assets.xcassets in Resources */,
			);
			runOnlyForDeploymentPostprocessing = 0;
		};
/* End PBXResourcesBuildPhase section */

/* Begin PBXSourcesBuildPhase section */
		D7BDB6BB23928176003AD316 /* Sources */ = {
			isa = PBXSourcesBuildPhase;
			buildActionMask = 2147483647;
			files = (
				D7BDB6C323928176003AD316 /* AppDelegate.swift in Sources */,
				D75A1F752396D969007C1DBB /* MKPointAnnotation-ObservableObject.swift in Sources */,
				D7198DD22396F59A003ED47E /* Results.swift in Sources */,
				D7BDB6C523928176003AD316 /* SceneDelegate.swift in Sources */,
				D7B077BE2394662E00DEF34F /* MapView.swift in Sources */,
				D75A1F772396D9C2007C1DBB /* EditView.swift in Sources */,
				D73E83CB2398FABA008B7205 /* MKPointAnnotation-Codable.swift in Sources */,
				D7BDB6D723928569003AD316 /* FileManager+Ex.swift in Sources */,
				D72557B6239988C100EDD769 /* UnlockedMapView.swift in Sources */,
				D7BDB6C723928176003AD316 /* ContentView.swift in Sources */,
			);
			runOnlyForDeploymentPostprocessing = 0;
		};
/* End PBXSourcesBuildPhase section */

/* Begin PBXVariantGroup section */
		D7BDB6CD2392817A003AD316 /* LaunchScreen.storyboard */ = {
			isa = PBXVariantGroup;
			children = (
				D7BDB6CE2392817A003AD316 /* Base */,
			);
			name = LaunchScreen.storyboard;
			sourceTree = "<group>";
		};
/* End PBXVariantGroup section */

/* Begin XCBuildConfiguration section */
		D7BDB6D12392817A003AD316 /* Debug */ = {
			isa = XCBuildConfiguration;
			buildSettings = {
				ALWAYS_SEARCH_USER_PATHS = NO;
				CLANG_ANALYZER_NONNULL = YES;
				CLANG_ANALYZER_NUMBER_OBJECT_CONVERSION = YES_AGGRESSIVE;
				CLANG_CXX_LANGUAGE_STANDARD = "gnu++14";
				CLANG_CXX_LIBRARY = "libc++";
				CLANG_ENABLE_MODULES = YES;
				CLANG_ENABLE_OBJC_ARC = YES;
				CLANG_ENABLE_OBJC_WEAK = YES;
				CLANG_WARN_BLOCK_CAPTURE_AUTORELEASING = YES;
				CLANG_WARN_BOOL_CONVERSION = YES;
				CLANG_WARN_COMMA = YES;
				CLANG_WARN_CONSTANT_CONVERSION = YES;
				CLANG_WARN_DEPRECATED_OBJC_IMPLEMENTATIONS = YES;
				CLANG_WARN_DIRECT_OBJC_ISA_USAGE = YES_ERROR;
				CLANG_WARN_DOCUMENTATION_COMMENTS = YES;
				CLANG_WARN_EMPTY_BODY = YES;
				CLANG_WARN_ENUM_CONVERSION = YES;
				CLANG_WARN_INFINITE_RECURSION = YES;
				CLANG_WARN_INT_CONVERSION = YES;
				CLANG_WARN_NON_LITERAL_NULL_CONVERSION = YES;
				CLANG_WARN_OBJC_IMPLICIT_RETAIN_SELF = YES;
				CLANG_WARN_OBJC_LITERAL_CONVERSION = YES;
				CLANG_WARN_OBJC_ROOT_CLASS = YES_ERROR;
				CLANG_WARN_RANGE_LOOP_ANALYSIS = YES;
				CLANG_WARN_STRICT_PROTOTYPES = YES;
				CLANG_WARN_SUSPICIOUS_MOVE = YES;
				CLANG_WARN_UNGUARDED_AVAILABILITY = YES_AGGRESSIVE;
				CLANG_WARN_UNREACHABLE_CODE = YES;
				CLANG_WARN__DUPLICATE_METHOD_MATCH = YES;
				COPY_PHASE_STRIP = NO;
				DEBUG_INFORMATION_FORMAT = dwarf;
				ENABLE_STRICT_OBJC_MSGSEND = YES;
				ENABLE_TESTABILITY = YES;
				GCC_C_LANGUAGE_STANDARD = gnu11;
				GCC_DYNAMIC_NO_PIC = NO;
				GCC_NO_COMMON_BLOCKS = YES;
				GCC_OPTIMIZATION_LEVEL = 0;
				GCC_PREPROCESSOR_DEFINITIONS = (
					"DEBUG=1",
					"$(inherited)",
				);
				GCC_WARN_64_TO_32_BIT_CONVERSION = YES;
				GCC_WARN_ABOUT_RETURN_TYPE = YES_ERROR;
				GCC_WARN_UNDECLARED_SELECTOR = YES;
				GCC_WARN_UNINITIALIZED_AUTOS = YES_AGGRESSIVE;
				GCC_WARN_UNUSED_FUNCTION = YES;
				GCC_WARN_UNUSED_VARIABLE = YES;
				IPHONEOS_DEPLOYMENT_TARGET = 13.2;
				MTL_ENABLE_DEBUG_INFO = INCLUDE_SOURCE;
				MTL_FAST_MATH = YES;
				ONLY_ACTIVE_ARCH = YES;
				SDKROOT = iphoneos;
				SWIFT_ACTIVE_COMPILATION_CONDITIONS = DEBUG;
				SWIFT_OPTIMIZATION_LEVEL = "-Onone";
			};
			name = Debug;
		};
		D7BDB6D22392817A003AD316 /* Release */ = {
			isa = XCBuildConfiguration;
			buildSettings = {
				ALWAYS_SEARCH_USER_PATHS = NO;
				CLANG_ANALYZER_NONNULL = YES;
				CLANG_ANALYZER_NUMBER_OBJECT_CONVERSION = YES_AGGRESSIVE;
				CLANG_CXX_LANGUAGE_STANDARD = "gnu++14";
				CLANG_CXX_LIBRARY = "libc++";
				CLANG_ENABLE_MODULES = YES;
				CLANG_ENABLE_OBJC_ARC = YES;
				CLANG_ENABLE_OBJC_WEAK = YES;
				CLANG_WARN_BLOCK_CAPTURE_AUTORELEASING = YES;
				CLANG_WARN_BOOL_CONVERSION = YES;
				CLANG_WARN_COMMA = YES;
				CLANG_WARN_CONSTANT_CONVERSION = YES;
				CLANG_WARN_DEPRECATED_OBJC_IMPLEMENTATIONS = YES;
				CLANG_WARN_DIRECT_OBJC_ISA_USAGE = YES_ERROR;
				CLANG_WARN_DOCUMENTATION_COMMENTS = YES;
				CLANG_WARN_EMPTY_BODY = YES;
				CLANG_WARN_ENUM_CONVERSION = YES;
				CLANG_WARN_INFINITE_RECURSION = YES;
				CLANG_WARN_INT_CONVERSION = YES;
				CLANG_WARN_NON_LITERAL_NULL_CONVERSION = YES;
				CLANG_WARN_OBJC_IMPLICIT_RETAIN_SELF = YES;
				CLANG_WARN_OBJC_LITERAL_CONVERSION = YES;
				CLANG_WARN_OBJC_ROOT_CLASS = YES_ERROR;
				CLANG_WARN_RANGE_LOOP_ANALYSIS = YES;
				CLANG_WARN_STRICT_PROTOTYPES = YES;
				CLANG_WARN_SUSPICIOUS_MOVE = YES;
				CLANG_WARN_UNGUARDED_AVAILABILITY = YES_AGGRESSIVE;
				CLANG_WARN_UNREACHABLE_CODE = YES;
				CLANG_WARN__DUPLICATE_METHOD_MATCH = YES;
				COPY_PHASE_STRIP = NO;
				DEBUG_INFORMATION_FORMAT = "dwarf-with-dsym";
				ENABLE_NS_ASSERTIONS = NO;
				ENABLE_STRICT_OBJC_MSGSEND = YES;
				GCC_C_LANGUAGE_STANDARD = gnu11;
				GCC_NO_COMMON_BLOCKS = YES;
				GCC_WARN_64_TO_32_BIT_CONVERSION = YES;
				GCC_WARN_ABOUT_RETURN_TYPE = YES_ERROR;
				GCC_WARN_UNDECLARED_SELECTOR = YES;
				GCC_WARN_UNINITIALIZED_AUTOS = YES_AGGRESSIVE;
				GCC_WARN_UNUSED_FUNCTION = YES;
				GCC_WARN_UNUSED_VARIABLE = YES;
				IPHONEOS_DEPLOYMENT_TARGET = 13.2;
				MTL_ENABLE_DEBUG_INFO = NO;
				MTL_FAST_MATH = YES;
				SDKROOT = iphoneos;
				SWIFT_COMPILATION_MODE = wholemodule;
				SWIFT_OPTIMIZATION_LEVEL = "-O";
				VALIDATE_PRODUCT = YES;
			};
			name = Release;
		};
		D7BDB6D42392817A003AD316 /* Debug */ = {
			isa = XCBuildConfiguration;
			buildSettings = {
				ASSETCATALOG_COMPILER_APPICON_NAME = AppIcon;
				CODE_SIGN_STYLE = Automatic;
				DEVELOPMENT_ASSET_PATHS = "\"BucketList/Preview Content\"";
				DEVELOPMENT_TEAM = ZQCK5WLKEQ;
				ENABLE_PREVIEWS = YES;
				INFOPLIST_FILE = BucketList/Info.plist;
				LD_RUNPATH_SEARCH_PATHS = (
					"$(inherited)",
					"@executable_path/Frameworks",
				);
				PRODUCT_BUNDLE_IDENTIFIER = com.undeadPixel.BucketList;
				PRODUCT_NAME = "$(TARGET_NAME)";
				SWIFT_VERSION = 5.0;
				TARGETED_DEVICE_FAMILY = "1,2";
			};
			name = Debug;
		};
		D7BDB6D52392817A003AD316 /* Release */ = {
			isa = XCBuildConfiguration;
			buildSettings = {
				ASSETCATALOG_COMPILER_APPICON_NAME = AppIcon;
				CODE_SIGN_STYLE = Automatic;
				DEVELOPMENT_ASSET_PATHS = "\"BucketList/Preview Content\"";
				DEVELOPMENT_TEAM = ZQCK5WLKEQ;
				ENABLE_PREVIEWS = YES;
				INFOPLIST_FILE = BucketList/Info.plist;
				LD_RUNPATH_SEARCH_PATHS = (
					"$(inherited)",
					"@executable_path/Frameworks",
				);
				PRODUCT_BUNDLE_IDENTIFIER = com.undeadPixel.BucketList;
				PRODUCT_NAME = "$(TARGET_NAME)";
				SWIFT_VERSION = 5.0;
				TARGETED_DEVICE_FAMILY = "1,2";
			};
			name = Release;
		};
/* End XCBuildConfiguration section */

/* Begin XCConfigurationList section */
		D7BDB6BA23928176003AD316 /* Build configuration list for PBXProject "BucketList" */ = {
			isa = XCConfigurationList;
			buildConfigurations = (
				D7BDB6D12392817A003AD316 /* Debug */,
				D7BDB6D22392817A003AD316 /* Release */,
			);
			defaultConfigurationIsVisible = 0;
			defaultConfigurationName = Release;
		};
		D7BDB6D32392817A003AD316 /* Build configuration list for PBXNativeTarget "BucketList" */ = {
			isa = XCConfigurationList;
			buildConfigurations = (
				D7BDB6D42392817A003AD316 /* Debug */,
				D7BDB6D52392817A003AD316 /* Release */,
			);
			defaultConfigurationIsVisible = 0;
			defaultConfigurationName = Release;
		};
/* End XCConfigurationList section */
	};
	rootObject = D7BDB6B723928176003AD316 /* Project object */;
}
